
Microsoft Visual Studio Solution File, Format Version 12.00
# Visual Studio Version 16
VisualStudioVersion = 16.0.30709.132
MinimumVisualStudioVersion = 10.0.40219.1
Project("{8BC9CEB8-8B4A-11D0-8D11-00A0C91BC942}") = "ConsoleRenderTest", "ConsoleRenderTest\ConsoleRenderTest.vcxproj", "{1985DE3A-7D99-4ACE-AE37-EE8A37F5D464}"
EndProject
Project("{8BC9CEB8-8B4A-11D0-8D11-00A0C91BC942}") = "KeyInputTest", "KeyInputTest\KeyInputTest.vcxproj", "{8AD84993-C5AA-4E45-9086-0BC80C9BF70C}"
EndProject
Project("{8BC9CEB8-8B4A-11D0-8D11-00A0C91BC942}") = "MapScrollTest", "MapScrollTest\MapScrollTest.vcxproj", "{2C2248F5-A39A-4C6A-892F-79B39D15E6F9}"
EndProject
Project("{8BC9CEB8-8B4A-11D0-8D11-00A0C91BC942}") = "QuestFrameworkTest", "QuestFrameworkTest\QuestFrameworkTest.vcxproj", "{E02728D3-E318-4165-A94F-20B24BDA19AE}"
	ProjectSection(ProjectDependencies) = postProject
		{B7E6565E-6919-4241-8B28-5679EFE3D4EF} = {B7E6565E-6919-4241-8B28-5679EFE3D4EF}
		{9D43FFBF-FD65-4AB9-B2C2-CB1C82B13179} = {9D43FFBF-FD65-4AB9-B2C2-CB1C82B13179}
	EndProjectSection
EndProject
Project("{8BC9CEB8-8B4A-11D0-8D11-00A0C91BC942}") = "000_GameFramework", "..\Src\000_GameFramework\000_GameFramework.vcxproj", "{9D43FFBF-FD65-4AB9-B2C2-CB1C82B13179}"
EndProject
Project("{8BC9CEB8-8B4A-11D0-8D11-00A0C91BC942}") = "100_QuestFramework", "..\Src\100_QuestFramework\100_QuestFramework.vcxproj", "{B7E6565E-6919-4241-8B28-5679EFE3D4EF}"
EndProject
Global
	GlobalSection(SolutionConfigurationPlatforms) = preSolution
		Debug|x64 = Debug|x64
		Debug|x86 = Debug|x86
		Release|x64 = Release|x64
		Release|x86 = Release|x86
	EndGlobalSection
	GlobalSection(ProjectConfigurationPlatforms) = postSolution
		{1985DE3A-7D99-4ACE-AE37-EE8A37F5D464}.Debug|x64.ActiveCfg = Debug|x64
		{1985DE3A-7D99-4ACE-AE37-EE8A37F5D464}.Debug|x64.Build.0 = Debug|x64
		{1985DE3A-7D99-4ACE-AE37-EE8A37F5D464}.Debug|x86.ActiveCfg = Debug|Win32
		{1985DE3A-7D99-4ACE-AE37-EE8A37F5D464}.Debug|x86.Build.0 = Debug|Win32
		{1985DE3A-7D99-4ACE-AE37-EE8A37F5D464}.Release|x64.ActiveCfg = Release|x64
		{1985DE3A-7D99-4ACE-AE37-EE8A37F5D464}.Release|x64.Build.0 = Release|x64
		{1985DE3A-7D99-4ACE-AE37-EE8A37F5D464}.Release|x86.ActiveCfg = Release|Win32
		{1985DE3A-7D99-4ACE-AE37-EE8A37F5D464}.Release|x86.Build.0 = Release|Win32
		{8AD84993-C5AA-4E45-9086-0BC80C9BF70C}.Debug|x64.ActiveCfg = Debug|x64
		{8AD84993-C5AA-4E45-9086-0BC80C9BF70C}.Debug|x64.Build.0 = Debug|x64
		{8AD84993-C5AA-4E45-9086-0BC80C9BF70C}.Debug|x86.ActiveCfg = Debug|Win32
		{8AD84993-C5AA-4E45-9086-0BC80C9BF70C}.Debug|x86.Build.0 = Debug|Win32
		{8AD84993-C5AA-4E45-9086-0BC80C9BF70C}.Release|x64.ActiveCfg = Release|x64
		{8AD84993-C5AA-4E45-9086-0BC80C9BF70C}.Release|x64.Build.0 = Release|x64
		{8AD84993-C5AA-4E45-9086-0BC80C9BF70C}.Release|x86.ActiveCfg = Release|Win32
		{8AD84993-C5AA-4E45-9086-0BC80C9BF70C}.Release|x86.Build.0 = Release|Win32
		{2C2248F5-A39A-4C6A-892F-79B39D15E6F9}.Debug|x64.ActiveCfg = Debug|x64
		{2C2248F5-A39A-4C6A-892F-79B39D15E6F9}.Debug|x64.Build.0 = Debug|x64
		{2C2248F5-A39A-4C6A-892F-79B39D15E6F9}.Debug|x86.ActiveCfg = Debug|Win32
		{2C2248F5-A39A-4C6A-892F-79B39D15E6F9}.Debug|x86.Build.0 = Debug|Win32
		{2C2248F5-A39A-4C6A-892F-79B39D15E6F9}.Release|x64.ActiveCfg = Release|x64
		{2C2248F5-A39A-4C6A-892F-79B39D15E6F9}.Release|x64.Build.0 = Release|x64
		{2C2248F5-A39A-4C6A-892F-79B39D15E6F9}.Release|x86.ActiveCfg = Release|Win32
		{2C2248F5-A39A-4C6A-892F-79B39D15E6F9}.Release|x86.Build.0 = Release|Win32
		{E02728D3-E318-4165-A94F-20B24BDA19AE}.Debug|x64.ActiveCfg = Debug|x64
		{E02728D3-E318-4165-A94F-20B24BDA19AE}.Debug|x64.Build.0 = Debug|x64
		{E02728D3-E318-4165-A94F-20B24BDA19AE}.Debug|x86.ActiveCfg = Debug|Win32
		{E02728D3-E318-4165-A94F-20B24BDA19AE}.Debug|x86.Build.0 = Debug|Win32
		{E02728D3-E318-4165-A94F-20B24BDA19AE}.Release|x64.ActiveCfg = Release|x64
		{E02728D3-E318-4165-A94F-20B24BDA19AE}.Release|x64.Build.0 = Release|x64
		{E02728D3-E318-4165-A94F-20B24BDA19AE}.Release|x86.ActiveCfg = Release|Win32
		{E02728D3-E318-4165-A94F-20B24BDA19AE}.Release|x86.Build.0 = Release|Win32
		{9D43FFBF-FD65-4AB9-B2C2-CB1C82B13179}.Debug|x64.ActiveCfg = Debug|x64
		{9D43FFBF-FD65-4AB9-B2C2-CB1C82B13179}.Debug|x64.Build.0 = Debug|x64
		{9D43FFBF-FD65-4AB9-B2C2-CB1C82B13179}.Debug|x86.ActiveCfg = Debug|Win32
		{9D43FFBF-FD65-4AB9-B2C2-CB1C82B13179}.Debug|x86.Build.0 = Debug|Win32
		{9D43FFBF-FD65-4AB9-B2C2-CB1C82B13179}.Release|x64.ActiveCfg = Release|x64
		{9D43FFBF-FD65-4AB9-B2C2-CB1C82B13179}.Release|x64.Build.0 = Release|x64
		{9D43FFBF-FD65-4AB9-B2C2-CB1C82B13179}.Release|x86.ActiveCfg = Release|Win32
		{9D43FFBF-FD65-4AB9-B2C2-CB1C82B13179}.Release|x86.Build.0 = Release|Win32
		{B7E6565E-6919-4241-8B28-5679EFE3D4EF}.Debug|x64.ActiveCfg = Debug|x64
		{B7E6565E-6919-4241-8B28-5679EFE3D4EF}.Debug|x64.Build.0 = Debug|x64
		{B7E6565E-6919-4241-8B28-5679EFE3D4EF}.Debug|x86.ActiveCfg = Debug|Win32
		{B7E6565E-6919-4241-8B28-5679EFE3D4EF}.Debug|x86.Build.0 = Debug|Win32
		{B7E6565E-6919-4241-8B28-5679EFE3D4EF}.Release|x64.ActiveCfg = Release|x64
		{B7E6565E-6919-4241-8B28-5679EFE3D4EF}.Release|x64.Build.0 = Release|x64
		{B7E6565E-6919-4241-8B28-5679EFE3D4EF}.Release|x86.ActiveCfg = Release|Win32
		{B7E6565E-6919-4241-8B28-5679EFE3D4EF}.Release|x86.Build.0 = Release|Win32
	EndGlobalSection
	GlobalSection(SolutionProperties) = preSolution
		HideSolutionNode = FALSE
	EndGlobalSection
	GlobalSection(ExtensibilityGlobals) = postSolution
		SolutionGuid = {27668E20-F4CC-4550-A6FE-CE6837973239}
	EndGlobalSection
EndGlobal
