
Microsoft Visual Studio Solution File, Format Version 12.00
# Visual Studio Version 16
VisualStudioVersion = 16.0.31624.102
MinimumVisualStudioVersion = 10.0.40219.1
Project("{8BC9CEB8-8B4A-11D0-8D11-00A0C91BC942}") = "reindeer002", "reindeer002.vcxproj", "{3A7C2680-95A0-48F4-855B-0DA4F237EA5F}"
EndProject
Project("{8BC9CEB8-8B4A-11D0-8D11-00A0C91BC942}") = "100_QuestFramework", "..\100_QuestFramework\100_QuestFramework.vcxproj", "{B7E6565E-6919-4241-8B28-5679EFE3D4EF}"
EndProject
Project("{8BC9CEB8-8B4A-11D0-8D11-00A0C91BC942}") = "000_GameFramework", "..\000_GameFramework\000_GameFramework.vcxproj", "{9D43FFBF-FD65-4AB9-B2C2-CB1C82B13179}"
EndProject
Project("{8BC9CEB8-8B4A-11D0-8D11-00A0C91BC942}") = "QuestFrameworkTest", "..\..\Test\QuestFrameworkTest\QuestFrameworkTest.vcxproj", "{E02728D3-E318-4165-A94F-20B24BDA19AE}"
EndProject
Global
	GlobalSection(SolutionConfigurationPlatforms) = preSolution
		Debug|x64 = Debug|x64
		Debug|x86 = Debug|x86
		Release|x64 = Release|x64
		Release|x86 = Release|x86
	EndGlobalSection
	GlobalSection(ProjectConfigurationPlatforms) = postSolution
		{3A7C2680-95A0-48F4-855B-0DA4F237EA5F}.Debug|x64.ActiveCfg = Debug|x64
		{3A7C2680-95A0-48F4-855B-0DA4F237EA5F}.Debug|x64.Build.0 = Debug|x64
		{3A7C2680-95A0-48F4-855B-0DA4F237EA5F}.Debug|x86.ActiveCfg = Debug|Win32
		{3A7C2680-95A0-48F4-855B-0DA4F237EA5F}.Debug|x86.Build.0 = Debug|Win32
		{3A7C2680-95A0-48F4-855B-0DA4F237EA5F}.Release|x64.ActiveCfg = Release|x64
		{3A7C2680-95A0-48F4-855B-0DA4F237EA5F}.Release|x64.Build.0 = Release|x64
		{3A7C2680-95A0-48F4-855B-0DA4F237EA5F}.Release|x86.ActiveCfg = Release|Win32
		{3A7C2680-95A0-48F4-855B-0DA4F237EA5F}.Release|x86.Build.0 = Release|Win32
		{B7E6565E-6919-4241-8B28-5679EFE3D4EF}.Debug|x64.ActiveCfg = Debug|x64
		{B7E6565E-6919-4241-8B28-5679EFE3D4EF}.Debug|x64.Build.0 = Debug|x64
		{B7E6565E-6919-4241-8B28-5679EFE3D4EF}.Debug|x86.ActiveCfg = Debug|Win32
		{B7E6565E-6919-4241-8B28-5679EFE3D4EF}.Debug|x86.Build.0 = Debug|Win32
		{B7E6565E-6919-4241-8B28-5679EFE3D4EF}.Release|x64.ActiveCfg = Release|x64
		{B7E6565E-6919-4241-8B28-5679EFE3D4EF}.Release|x64.Build.0 = Release|x64
		{B7E6565E-6919-4241-8B28-5679EFE3D4EF}.Release|x86.ActiveCfg = Release|Win32
		{B7E6565E-6919-4241-8B28-5679EFE3D4EF}.Release|x86.Build.0 = Release|Win32
		{9D43FFBF-FD65-4AB9-B2C2-CB1C82B13179}.Debug|x64.ActiveCfg = Debug|x64
		{9D43FFBF-FD65-4AB9-B2C2-CB1C82B13179}.Debug|x64.Build.0 = Debug|x64
		{9D43FFBF-FD65-4AB9-B2C2-CB1C82B13179}.Debug|x86.ActiveCfg = Debug|Win32
		{9D43FFBF-FD65-4AB9-B2C2-CB1C82B13179}.Debug|x86.Build.0 = Debug|Win32
		{9D43FFBF-FD65-4AB9-B2C2-CB1C82B13179}.Release|x64.ActiveCfg = Release|x64
		{9D43FFBF-FD65-4AB9-B2C2-CB1C82B13179}.Release|x64.Build.0 = Release|x64
		{9D43FFBF-FD65-4AB9-B2C2-CB1C82B13179}.Release|x86.ActiveCfg = Release|Win32
		{9D43FFBF-FD65-4AB9-B2C2-CB1C82B13179}.Release|x86.Build.0 = Release|Win32
		{E02728D3-E318-4165-A94F-20B24BDA19AE}.Debug|x64.ActiveCfg = Debug|x64
		{E02728D3-E318-4165-A94F-20B24BDA19AE}.Debug|x64.Build.0 = Debug|x64
		{E02728D3-E318-4165-A94F-20B24BDA19AE}.Debug|x86.ActiveCfg = Debug|Win32
		{E02728D3-E318-4165-A94F-20B24BDA19AE}.Debug|x86.Build.0 = Debug|Win32
		{E02728D3-E318-4165-A94F-20B24BDA19AE}.Release|x64.ActiveCfg = Release|x64
		{E02728D3-E318-4165-A94F-20B24BDA19AE}.Release|x64.Build.0 = Release|x64
		{E02728D3-E318-4165-A94F-20B24BDA19AE}.Release|x86.ActiveCfg = Release|Win32
		{E02728D3-E318-4165-A94F-20B24BDA19AE}.Release|x86.Build.0 = Release|Win32
	EndGlobalSection
	GlobalSection(SolutionProperties) = preSolution
		HideSolutionNode = FALSE
	EndGlobalSection
	GlobalSection(ExtensibilityGlobals) = postSolution
		SolutionGuid = {E3A74FD8-D833-4A3F-889D-F1A8BF438B7A}
	EndGlobalSection
EndGlobal
