
Microsoft Visual Studio Solution File, Format Version 12.00
# Visual Studio Version 17
VisualStudioVersion = 17.0.32014.148
MinimumVisualStudioVersion = 10.0.40219.1
Project("{8BC9CEB8-8B4A-11D0-8D11-00A0C91BC942}") = "D-wit", "D-wit.vcxproj", "{4F4434B3-4433-4C71-81EC-4B8D3F003D22}"
	ProjectSection(ProjectDependencies) = postProject
		{1985DE3A-7D99-4ACE-AE37-EE8A37F5D464} = {1985DE3A-7D99-4ACE-AE37-EE8A37F5D464}
	EndProjectSection
EndProject
Project("{8BC9CEB8-8B4A-11D0-8D11-00A0C91BC942}") = "_QuestFramework", "..\..\bob10th_cpptraining\Src\_QuestFramework\_QuestFramework.vcxproj", "{AA84656D-E637-4E6D-9E43-8B1E17361BE0}"
EndProject
Project("{8BC9CEB8-8B4A-11D0-8D11-00A0C91BC942}") = "QuestFrameworkTest", "..\..\bob10th_cpptraining\Test\QuestFrameworkTest\QuestFrameworkTest.vcxproj", "{1985DE3A-7D99-4ACE-AE37-EE8A37F5D464}"
EndProject
Global
	GlobalSection(SolutionConfigurationPlatforms) = preSolution
		Debug|x64 = Debug|x64
		Debug|x86 = Debug|x86
		Release|x64 = Release|x64
		Release|x86 = Release|x86
	EndGlobalSection
	GlobalSection(ProjectConfigurationPlatforms) = postSolution
		{4F4434B3-4433-4C71-81EC-4B8D3F003D22}.Debug|x64.ActiveCfg = Debug|x64
		{4F4434B3-4433-4C71-81EC-4B8D3F003D22}.Debug|x64.Build.0 = Debug|x64
		{4F4434B3-4433-4C71-81EC-4B8D3F003D22}.Debug|x86.ActiveCfg = Debug|Win32
		{4F4434B3-4433-4C71-81EC-4B8D3F003D22}.Debug|x86.Build.0 = Debug|Win32
		{4F4434B3-4433-4C71-81EC-4B8D3F003D22}.Release|x64.ActiveCfg = Release|x64
		{4F4434B3-4433-4C71-81EC-4B8D3F003D22}.Release|x64.Build.0 = Release|x64
		{4F4434B3-4433-4C71-81EC-4B8D3F003D22}.Release|x86.ActiveCfg = Release|Win32
		{4F4434B3-4433-4C71-81EC-4B8D3F003D22}.Release|x86.Build.0 = Release|Win32
		{AA84656D-E637-4E6D-9E43-8B1E17361BE0}.Debug|x64.ActiveCfg = Debug|x64
		{AA84656D-E637-4E6D-9E43-8B1E17361BE0}.Debug|x64.Build.0 = Debug|x64
		{AA84656D-E637-4E6D-9E43-8B1E17361BE0}.Debug|x86.ActiveCfg = Debug|Win32
		{AA84656D-E637-4E6D-9E43-8B1E17361BE0}.Debug|x86.Build.0 = Debug|Win32
		{AA84656D-E637-4E6D-9E43-8B1E17361BE0}.Release|x64.ActiveCfg = Release|x64
		{AA84656D-E637-4E6D-9E43-8B1E17361BE0}.Release|x64.Build.0 = Release|x64
		{AA84656D-E637-4E6D-9E43-8B1E17361BE0}.Release|x86.ActiveCfg = Release|Win32
		{AA84656D-E637-4E6D-9E43-8B1E17361BE0}.Release|x86.Build.0 = Release|Win32
		{1985DE3A-7D99-4ACE-AE37-EE8A37F5D464}.Debug|x64.ActiveCfg = Debug|x64
		{1985DE3A-7D99-4ACE-AE37-EE8A37F5D464}.Debug|x64.Build.0 = Debug|x64
		{1985DE3A-7D99-4ACE-AE37-EE8A37F5D464}.Debug|x86.ActiveCfg = Debug|Win32
		{1985DE3A-7D99-4ACE-AE37-EE8A37F5D464}.Debug|x86.Build.0 = Debug|Win32
		{1985DE3A-7D99-4ACE-AE37-EE8A37F5D464}.Release|x64.ActiveCfg = Release|x64
		{1985DE3A-7D99-4ACE-AE37-EE8A37F5D464}.Release|x64.Build.0 = Release|x64
		{1985DE3A-7D99-4ACE-AE37-EE8A37F5D464}.Release|x86.ActiveCfg = Release|Win32
		{1985DE3A-7D99-4ACE-AE37-EE8A37F5D464}.Release|x86.Build.0 = Release|Win32
	EndGlobalSection
	GlobalSection(SolutionProperties) = preSolution
		HideSolutionNode = FALSE
	EndGlobalSection
	GlobalSection(ExtensibilityGlobals) = postSolution
		SolutionGuid = {3C5C3D2A-77C9-47E2-ADE7-A3DEC9B30D3C}
	EndGlobalSection
EndGlobal
