
Microsoft Visual Studio Solution File, Format Version 12.00
# Visual Studio Version 16
VisualStudioVersion = 16.0.31729.503
MinimumVisualStudioVersion = 10.0.40219.1
Project("{8BC9CEB8-8B4A-11D0-8D11-00A0C91BC942}") = "LINKER", "LINKER.vcxproj", "{51883860-8413-407D-8C71-92573892B608}"
EndProject
Project("{8BC9CEB8-8B4A-11D0-8D11-00A0C91BC942}") = "000_GameFramework", "..\000_GameFramework\000_GameFramework.vcxproj", "{9D43FFBF-FD65-4AB9-B2C2-CB1C82B13179}"
EndProject
Project("{8BC9CEB8-8B4A-11D0-8D11-00A0C91BC942}") = "100_QuestFramework", "..\100_QuestFramework\100_QuestFramework.vcxproj", "{B7E6565E-6919-4241-8B28-5679EFE3D4EF}"
EndProject
Project("{8BC9CEB8-8B4A-11D0-8D11-00A0C91BC942}") = "QuestFrameworkTest", "..\..\Test\QuestFrameworkTest\QuestFrameworkTest.vcxproj", "{E02728D3-E318-4165-A94F-20B24BDA19AE}"
EndProject
Global
	GlobalSection(SolutionConfigurationPlatforms) = preSolution
		Debug|x64 = Debug|x64
		Debug|x86 = Debug|x86
		Release|x64 = Release|x64
		Release|x86 = Release|x86
	EndGlobalSection
	GlobalSection(ProjectConfigurationPlatforms) = postSolution
		{51883860-8413-407D-8C71-92573892B608}.Debug|x64.ActiveCfg = Debug|x64
		{51883860-8413-407D-8C71-92573892B608}.Debug|x64.Build.0 = Debug|x64
		{51883860-8413-407D-8C71-92573892B608}.Debug|x86.ActiveCfg = Debug|Win32
		{51883860-8413-407D-8C71-92573892B608}.Debug|x86.Build.0 = Debug|Win32
		{51883860-8413-407D-8C71-92573892B608}.Release|x64.ActiveCfg = Release|x64
		{51883860-8413-407D-8C71-92573892B608}.Release|x64.Build.0 = Release|x64
		{51883860-8413-407D-8C71-92573892B608}.Release|x86.ActiveCfg = Release|Win32
		{51883860-8413-407D-8C71-92573892B608}.Release|x86.Build.0 = Release|Win32
		{9D43FFBF-FD65-4AB9-B2C2-CB1C82B13179}.Debug|x64.ActiveCfg = Debug|x64
		{9D43FFBF-FD65-4AB9-B2C2-CB1C82B13179}.Debug|x64.Build.0 = Debug|x64
		{9D43FFBF-FD65-4AB9-B2C2-CB1C82B13179}.Debug|x86.ActiveCfg = Debug|Win32
		{9D43FFBF-FD65-4AB9-B2C2-CB1C82B13179}.Debug|x86.Build.0 = Debug|Win32
		{9D43FFBF-FD65-4AB9-B2C2-CB1C82B13179}.Release|x64.ActiveCfg = Release|x64
		{9D43FFBF-FD65-4AB9-B2C2-CB1C82B13179}.Release|x64.Build.0 = Release|x64
		{9D43FFBF-FD65-4AB9-B2C2-CB1C82B13179}.Release|x86.ActiveCfg = Release|Win32
		{9D43FFBF-FD65-4AB9-B2C2-CB1C82B13179}.Release|x86.Build.0 = Release|Win32
		{B7E6565E-6919-4241-8B28-5679EFE3D4EF}.Debug|x64.ActiveCfg = Debug|x64
		{B7E6565E-6919-4241-8B28-5679EFE3D4EF}.Debug|x64.Build.0 = Debug|x64
		{B7E6565E-6919-4241-8B28-5679EFE3D4EF}.Debug|x86.ActiveCfg = Debug|Win32
		{B7E6565E-6919-4241-8B28-5679EFE3D4EF}.Debug|x86.Build.0 = Debug|Win32
		{B7E6565E-6919-4241-8B28-5679EFE3D4EF}.Release|x64.ActiveCfg = Release|x64
		{B7E6565E-6919-4241-8B28-5679EFE3D4EF}.Release|x64.Build.0 = Release|x64
		{B7E6565E-6919-4241-8B28-5679EFE3D4EF}.Release|x86.ActiveCfg = Release|Win32
		{B7E6565E-6919-4241-8B28-5679EFE3D4EF}.Release|x86.Build.0 = Release|Win32
		{E02728D3-E318-4165-A94F-20B24BDA19AE}.Debug|x64.ActiveCfg = Debug|x64
		{E02728D3-E318-4165-A94F-20B24BDA19AE}.Debug|x64.Build.0 = Debug|x64
		{E02728D3-E318-4165-A94F-20B24BDA19AE}.Debug|x86.ActiveCfg = Debug|Win32
		{E02728D3-E318-4165-A94F-20B24BDA19AE}.Debug|x86.Build.0 = Debug|Win32
		{E02728D3-E318-4165-A94F-20B24BDA19AE}.Release|x64.ActiveCfg = Release|x64
		{E02728D3-E318-4165-A94F-20B24BDA19AE}.Release|x64.Build.0 = Release|x64
		{E02728D3-E318-4165-A94F-20B24BDA19AE}.Release|x86.ActiveCfg = Release|Win32
		{E02728D3-E318-4165-A94F-20B24BDA19AE}.Release|x86.Build.0 = Release|Win32
	EndGlobalSection
	GlobalSection(SolutionProperties) = preSolution
		HideSolutionNode = FALSE
	EndGlobalSection
	GlobalSection(ExtensibilityGlobals) = postSolution
		SolutionGuid = {7D814BA9-7605-44FC-AABB-EF6757A8698F}
	EndGlobalSection
EndGlobal
