
Microsoft Visual Studio Solution File, Format Version 12.00
# Visual Studio Version 16
VisualStudioVersion = 16.0.31515.178
MinimumVisualStudioVersion = 10.0.40219.1
Project("{8BC9CEB8-8B4A-11D0-8D11-00A0C91BC942}") = "l3u9", "l3u9.vcxproj", "{6FD11F33-4FB9-41A4-ADFC-9611F34EABE9}"
EndProject
Project("{8BC9CEB8-8B4A-11D0-8D11-00A0C91BC942}") = "_QuestFramework", "..\_QuestFramework\_QuestFramework.vcxproj", "{B7E6565E-6919-4241-8B28-5679EFE3D4EF}"
EndProject
Global
	GlobalSection(SolutionConfigurationPlatforms) = preSolution
		Debug|x64 = Debug|x64
		Debug|x86 = Debug|x86
		Release|x64 = Release|x64
		Release|x86 = Release|x86
	EndGlobalSection
	GlobalSection(ProjectConfigurationPlatforms) = postSolution
		{6FD11F33-4FB9-41A4-ADFC-9611F34EABE9}.Debug|x64.ActiveCfg = Debug|x64
		{6FD11F33-4FB9-41A4-ADFC-9611F34EABE9}.Debug|x64.Build.0 = Debug|x64
		{6FD11F33-4FB9-41A4-ADFC-9611F34EABE9}.Debug|x86.ActiveCfg = Debug|Win32
		{6FD11F33-4FB9-41A4-ADFC-9611F34EABE9}.Debug|x86.Build.0 = Debug|Win32
		{6FD11F33-4FB9-41A4-ADFC-9611F34EABE9}.Release|x64.ActiveCfg = Release|x64
		{6FD11F33-4FB9-41A4-ADFC-9611F34EABE9}.Release|x64.Build.0 = Release|x64
		{6FD11F33-4FB9-41A4-ADFC-9611F34EABE9}.Release|x86.ActiveCfg = Release|Win32
		{6FD11F33-4FB9-41A4-ADFC-9611F34EABE9}.Release|x86.Build.0 = Release|Win32
		{B7E6565E-6919-4241-8B28-5679EFE3D4EF}.Debug|x64.ActiveCfg = Debug|x64
		{B7E6565E-6919-4241-8B28-5679EFE3D4EF}.Debug|x64.Build.0 = Debug|x64
		{B7E6565E-6919-4241-8B28-5679EFE3D4EF}.Debug|x86.ActiveCfg = Debug|Win32
		{B7E6565E-6919-4241-8B28-5679EFE3D4EF}.Debug|x86.Build.0 = Debug|Win32
		{B7E6565E-6919-4241-8B28-5679EFE3D4EF}.Release|x64.ActiveCfg = Release|x64
		{B7E6565E-6919-4241-8B28-5679EFE3D4EF}.Release|x64.Build.0 = Release|x64
		{B7E6565E-6919-4241-8B28-5679EFE3D4EF}.Release|x86.ActiveCfg = Release|Win32
		{B7E6565E-6919-4241-8B28-5679EFE3D4EF}.Release|x86.Build.0 = Release|Win32
	EndGlobalSection
	GlobalSection(SolutionProperties) = preSolution
		HideSolutionNode = FALSE
	EndGlobalSection
	GlobalSection(ExtensibilityGlobals) = postSolution
		SolutionGuid = {751CF91A-A7BA-4038-9138-5C247342B318}
	EndGlobalSection
EndGlobal
