
Microsoft Visual Studio Solution File, Format Version 12.00
# Visual Studio Version 16
VisualStudioVersion = 16.0.31727.386
MinimumVisualStudioVersion = 10.0.40219.1
Project("{8BC9CEB8-8B4A-11D0-8D11-00A0C91BC942}") = "_GameFramework", "_GameFramework\_GameFramework.vcxproj", "{9D43FFBF-FD65-4AB9-B2C2-CB1C82B13179}"
EndProject
Project("{8BC9CEB8-8B4A-11D0-8D11-00A0C91BC942}") = "_QuestFramework", "_QuestFramework\_QuestFramework.vcxproj", "{B7E6565E-6919-4241-8B28-5679EFE3D4EF}"
EndProject
Project("{8BC9CEB8-8B4A-11D0-8D11-00A0C91BC942}") = "profrog", "profrog\profrog.vcxproj", "{3A2420CE-E923-46E3-BDEF-AF07391A209D}"
EndProject
Project("{8BC9CEB8-8B4A-11D0-8D11-00A0C91BC942}") = "SHACKK", "SHACKK\SHACKK.vcxproj", "{4CC672BB-E0EA-4B49-A3F4-BB6A88923AB2}"
EndProject
Project("{8BC9CEB8-8B4A-11D0-8D11-00A0C91BC942}") = "3omh4", "3omh4\3omh4.vcxproj", "{E6B81C84-A05E-41B6-9BA9-6FF9A646BEAA}"
EndProject
Project("{8BC9CEB8-8B4A-11D0-8D11-00A0C91BC942}") = "5un9hun", "5un9hun\5un9hun.vcxproj", "{587B234D-11C0-46FF-BB51-4BCBC2E32B3A}"
EndProject
Project("{8BC9CEB8-8B4A-11D0-8D11-00A0C91BC942}") = "B3LL", "B3LL\B3LL.vcxproj", "{75A6775A-1354-44DC-8C33-CD7167ECBB95}"
EndProject
Project("{8BC9CEB8-8B4A-11D0-8D11-00A0C91BC942}") = "bean5oup", "bean5oup\bean5oup.vcxproj", "{10605BF0-7250-49EF-B841-A30FE35A6A13}"
EndProject
Project("{8BC9CEB8-8B4A-11D0-8D11-00A0C91BC942}") = "cWrong", "cWrong\cWrong.vcxproj", "{D3CF6F6F-33D6-4C13-BFFD-C70275E717B9}"
EndProject
Project("{8BC9CEB8-8B4A-11D0-8D11-00A0C91BC942}") = "D0b6y", "D0b6y\D0b6y.vcxproj", "{D53C1084-2C4D-4039-B814-A1AD3FA0B619}"
EndProject
Project("{8BC9CEB8-8B4A-11D0-8D11-00A0C91BC942}") = "donghyeon", "donghyeon\donghyeon.vcxproj", "{2429FB73-E3BF-4699-9A1C-F04A6FEA32C2}"
EndProject
Project("{8BC9CEB8-8B4A-11D0-8D11-00A0C91BC942}") = "frogjun", "frogjun\frogjun.vcxproj", "{0C1A8EA7-4294-4CB2-A8DA-80A638114065}"
EndProject
Project("{8BC9CEB8-8B4A-11D0-8D11-00A0C91BC942}") = "gdjung", "gdjung\gdjung.vcxproj", "{87455E9B-360E-4910-93C4-223D5D324466}"
EndProject
Project("{8BC9CEB8-8B4A-11D0-8D11-00A0C91BC942}") = "h4n9u1", "h4n9u1\h4n9u1.vcxproj", "{61F84A93-514F-4268-923D-6E5AF19681F9}"
EndProject
Project("{8BC9CEB8-8B4A-11D0-8D11-00A0C91BC942}") = "hj", "hj\hj.vcxproj", "{E3D38F2D-8D32-4412-8D3A-53DA91A69734}"
EndProject
Project("{8BC9CEB8-8B4A-11D0-8D11-00A0C91BC942}") = "hobin", "hobin\hobin.vcxproj", "{6AFFED28-B185-4560-960A-D202E272C5BA}"
EndProject
Project("{8BC9CEB8-8B4A-11D0-8D11-00A0C91BC942}") = "jayjeon", "jayjeon\jayjeon.vcxproj", "{BD19816C-B036-4233-9D88-42DA904871F4}"
EndProject
Project("{8BC9CEB8-8B4A-11D0-8D11-00A0C91BC942}") = "jiminii", "jiminii\jiminii.vcxproj", "{E50026D3-3AE4-4304-9C96-2AF7928A0180}"
EndProject
Project("{8BC9CEB8-8B4A-11D0-8D11-00A0C91BC942}") = "jir4vvit", "jir4vvit\jir4vvit.vcxproj", "{974A5D0A-4644-4A9F-829C-502153060132}"
EndProject
Project("{8BC9CEB8-8B4A-11D0-8D11-00A0C91BC942}") = "jjangu", "jjangu\jjangu.vcxproj", "{661C0C7F-1A1E-4C87-9530-F45ECDA9C8DD}"
EndProject
Project("{8BC9CEB8-8B4A-11D0-8D11-00A0C91BC942}") = "jujuwon", "jujuwon\jujuwon.vcxproj", "{A755B395-D084-406D-B7A6-5BD72E7D8094}"
EndProject
Project("{8BC9CEB8-8B4A-11D0-8D11-00A0C91BC942}") = "junmo", "junmo\junmo.vcxproj", "{C4E17F45-BFED-4881-81E0-35A3E8E60AD0}"
EndProject
Project("{8BC9CEB8-8B4A-11D0-8D11-00A0C91BC942}") = "JW", "JW\JW.vcxproj", "{7E1CC0A7-6303-406E-B6F8-9628DED02942}"
EndProject
Project("{8BC9CEB8-8B4A-11D0-8D11-00A0C91BC942}") = "kangmyoungseok", "kangmyoungseok\kangmyoungseok.vcxproj", "{C54B51FC-58D5-47A4-AF85-FFEE10AAB4F3}"
EndProject
Project("{8BC9CEB8-8B4A-11D0-8D11-00A0C91BC942}") = "khlee", "khlee\khlee.vcxproj", "{3772656E-3B79-4A00-A10C-E8FEF7E03D60}"
EndProject
Project("{8BC9CEB8-8B4A-11D0-8D11-00A0C91BC942}") = "kimdy", "kimdy\kimdy.vcxproj", "{14ECDF45-D924-43C4-AD5C-DC927811AC1A}"
EndProject
Project("{8BC9CEB8-8B4A-11D0-8D11-00A0C91BC942}") = "l3u9", "l3u9\l3u9.vcxproj", "{6FD11F33-4FB9-41A4-ADFC-9611F34EABE9}"
EndProject
Project("{8BC9CEB8-8B4A-11D0-8D11-00A0C91BC942}") = "lauvsong", "lauvsong\lauvsong.vcxproj", "{F6D26761-BEFA-4584-8917-47B7322C8904}"
EndProject
Project("{8BC9CEB8-8B4A-11D0-8D11-00A0C91BC942}") = "lcm", "lcm\lcm.vcxproj", "{89E04302-3348-4D3B-8CC3-20B20B384DAA}"
EndProject
Project("{8BC9CEB8-8B4A-11D0-8D11-00A0C91BC942}") = "LINKER", "LINKER\LINKER.vcxproj", "{51883860-8413-407D-8C71-92573892B608}"
EndProject
Project("{8BC9CEB8-8B4A-11D0-8D11-00A0C91BC942}") = "LJHP", "LJHP\LJHP.vcxproj", "{78D92664-396A-46EC-9B15-6A99779845CF}"
EndProject
Project("{8BC9CEB8-8B4A-11D0-8D11-00A0C91BC942}") = "luckyboxx", "luckyboxx\luckyboxx.vcxproj", "{987BEE32-EE55-4ECE-BB7A-C432478FACF9}"
EndProject
Project("{8BC9CEB8-8B4A-11D0-8D11-00A0C91BC942}") = "Lyrical", "Lyrical\Lyrical.vcxproj", "{EE912B79-809B-48B1-9BDE-C165523009D7}"
EndProject
Project("{8BC9CEB8-8B4A-11D0-8D11-00A0C91BC942}") = "maple19out", "maple19out\maple19out.vcxproj", "{D9425628-F423-4983-94A9-752A056E2B0D}"
EndProject
Project("{8BC9CEB8-8B4A-11D0-8D11-00A0C91BC942}") = "melan", "melan\melan.vcxproj", "{4455285A-167D-4D8E-9103-9EE77C419932}"
EndProject
Project("{8BC9CEB8-8B4A-11D0-8D11-00A0C91BC942}") = "mini0016", "mini0016\mini0016.vcxproj", "{A24EEE58-069F-4B7A-9FED-3A0AC2EBA595}"
EndProject
Project("{8BC9CEB8-8B4A-11D0-8D11-00A0C91BC942}") = "NownS", "NownS\NownS.vcxproj", "{F84D3F5C-22A6-48ED-A32D-C673C9B82DA7}"
EndProject
Project("{8BC9CEB8-8B4A-11D0-8D11-00A0C91BC942}") = "OZ1NG", "OZ1NG\OZ1NG.vcxproj", "{98EA107E-5614-4E75-AF8B-755F5ADE8AAB}"
EndProject
Project("{8BC9CEB8-8B4A-11D0-8D11-00A0C91BC942}") = "PecentZero", "PecentZero\PecentZero.vcxproj", "{2367A770-58FC-4481-B821-4FAA1B32C3D5}"
EndProject
Project("{8BC9CEB8-8B4A-11D0-8D11-00A0C91BC942}") = "pmh_only", "pmh_only\pmh_only.vcxproj", "{AD5BAA0F-EFC6-4570-9A2E-84D725FDFB9C}"
EndProject
Project("{8BC9CEB8-8B4A-11D0-8D11-00A0C91BC942}") = "reindeer002", "reindeer002\reindeer002.vcxproj", "{3A7C2680-95A0-48F4-855B-0DA4F237EA5F}"
EndProject
Project("{8BC9CEB8-8B4A-11D0-8D11-00A0C91BC942}") = "rudghk", "rudghk\rudghk.vcxproj", "{FEE3C205-67F8-4A4E-A2D1-89E0F5000E56}"
EndProject
Project("{8BC9CEB8-8B4A-11D0-8D11-00A0C91BC942}") = "Ryuuu", "Ryuuu\Ryuuu.vcxproj", "{97670543-4E88-40D9-B1B4-6111617BE042}"
EndProject
Project("{8BC9CEB8-8B4A-11D0-8D11-00A0C91BC942}") = "sol", "sol\sol.vcxproj", "{AFF40CF9-11D9-4301-B60E-8F57EF0540E7}"
EndProject
Project("{8BC9CEB8-8B4A-11D0-8D11-00A0C91BC942}") = "Universe", "Universe\Universe.vcxproj", "{ADECDF6E-34EE-4ECD-88E1-B145C51BB34D}"
EndProject
Project("{8BC9CEB8-8B4A-11D0-8D11-00A0C91BC942}") = "VYWL", "VYWL\VYWL.vcxproj", "{C5D1A20F-7382-49DB-BF2C-CE9136FFBEDF}"
EndProject
Project("{8BC9CEB8-8B4A-11D0-8D11-00A0C91BC942}") = "wnstn", "wnstn\wnstn.vcxproj", "{05E081AD-C8F2-4002-AED6-3FAEB1F508FC}"
EndProject
Project("{8BC9CEB8-8B4A-11D0-8D11-00A0C91BC942}") = "yea", "yea\yea.vcxproj", "{B9247034-C5DC-4AC9-8751-991BC3741018}"
EndProject
Project("{8BC9CEB8-8B4A-11D0-8D11-00A0C91BC942}") = "young-da", "young-da\young-da.vcxproj", "{696F767F-6DFC-45B3-B20E-AAF6E4907EB1}"
EndProject
Global
	GlobalSection(SolutionConfigurationPlatforms) = preSolution
		Debug|x64 = Debug|x64
		Debug|x86 = Debug|x86
		Release|x64 = Release|x64
		Release|x86 = Release|x86
	EndGlobalSection
	GlobalSection(ProjectConfigurationPlatforms) = postSolution
		{9D43FFBF-FD65-4AB9-B2C2-CB1C82B13179}.Debug|x64.ActiveCfg = Debug|x64
		{9D43FFBF-FD65-4AB9-B2C2-CB1C82B13179}.Debug|x64.Build.0 = Debug|x64
		{9D43FFBF-FD65-4AB9-B2C2-CB1C82B13179}.Debug|x86.ActiveCfg = Debug|Win32
		{9D43FFBF-FD65-4AB9-B2C2-CB1C82B13179}.Debug|x86.Build.0 = Debug|Win32
		{9D43FFBF-FD65-4AB9-B2C2-CB1C82B13179}.Release|x64.ActiveCfg = Release|x64
		{9D43FFBF-FD65-4AB9-B2C2-CB1C82B13179}.Release|x64.Build.0 = Release|x64
		{9D43FFBF-FD65-4AB9-B2C2-CB1C82B13179}.Release|x86.ActiveCfg = Release|Win32
		{9D43FFBF-FD65-4AB9-B2C2-CB1C82B13179}.Release|x86.Build.0 = Release|Win32
		{B7E6565E-6919-4241-8B28-5679EFE3D4EF}.Debug|x64.ActiveCfg = Debug|x64
		{B7E6565E-6919-4241-8B28-5679EFE3D4EF}.Debug|x64.Build.0 = Debug|x64
		{B7E6565E-6919-4241-8B28-5679EFE3D4EF}.Debug|x86.ActiveCfg = Debug|Win32
		{B7E6565E-6919-4241-8B28-5679EFE3D4EF}.Debug|x86.Build.0 = Debug|Win32
		{B7E6565E-6919-4241-8B28-5679EFE3D4EF}.Release|x64.ActiveCfg = Release|x64
		{B7E6565E-6919-4241-8B28-5679EFE3D4EF}.Release|x64.Build.0 = Release|x64
		{B7E6565E-6919-4241-8B28-5679EFE3D4EF}.Release|x86.ActiveCfg = Release|Win32
		{B7E6565E-6919-4241-8B28-5679EFE3D4EF}.Release|x86.Build.0 = Release|Win32
		{3A2420CE-E923-46E3-BDEF-AF07391A209D}.Debug|x64.ActiveCfg = Debug|x64
		{3A2420CE-E923-46E3-BDEF-AF07391A209D}.Debug|x64.Build.0 = Debug|x64
		{3A2420CE-E923-46E3-BDEF-AF07391A209D}.Debug|x86.ActiveCfg = Debug|Win32
		{3A2420CE-E923-46E3-BDEF-AF07391A209D}.Debug|x86.Build.0 = Debug|Win32
		{3A2420CE-E923-46E3-BDEF-AF07391A209D}.Release|x64.ActiveCfg = Release|x64
		{3A2420CE-E923-46E3-BDEF-AF07391A209D}.Release|x64.Build.0 = Release|x64
		{3A2420CE-E923-46E3-BDEF-AF07391A209D}.Release|x86.ActiveCfg = Release|Win32
		{3A2420CE-E923-46E3-BDEF-AF07391A209D}.Release|x86.Build.0 = Release|Win32
		{4CC672BB-E0EA-4B49-A3F4-BB6A88923AB2}.Debug|x64.ActiveCfg = Debug|x64
		{4CC672BB-E0EA-4B49-A3F4-BB6A88923AB2}.Debug|x64.Build.0 = Debug|x64
		{4CC672BB-E0EA-4B49-A3F4-BB6A88923AB2}.Debug|x86.ActiveCfg = Debug|Win32
		{4CC672BB-E0EA-4B49-A3F4-BB6A88923AB2}.Debug|x86.Build.0 = Debug|Win32
		{4CC672BB-E0EA-4B49-A3F4-BB6A88923AB2}.Release|x64.ActiveCfg = Release|x64
		{4CC672BB-E0EA-4B49-A3F4-BB6A88923AB2}.Release|x64.Build.0 = Release|x64
		{4CC672BB-E0EA-4B49-A3F4-BB6A88923AB2}.Release|x86.ActiveCfg = Release|Win32
		{4CC672BB-E0EA-4B49-A3F4-BB6A88923AB2}.Release|x86.Build.0 = Release|Win32
		{E6B81C84-A05E-41B6-9BA9-6FF9A646BEAA}.Debug|x64.ActiveCfg = Debug|x64
		{E6B81C84-A05E-41B6-9BA9-6FF9A646BEAA}.Debug|x64.Build.0 = Debug|x64
		{E6B81C84-A05E-41B6-9BA9-6FF9A646BEAA}.Debug|x86.ActiveCfg = Debug|Win32
		{E6B81C84-A05E-41B6-9BA9-6FF9A646BEAA}.Debug|x86.Build.0 = Debug|Win32
		{E6B81C84-A05E-41B6-9BA9-6FF9A646BEAA}.Release|x64.ActiveCfg = Release|x64
		{E6B81C84-A05E-41B6-9BA9-6FF9A646BEAA}.Release|x64.Build.0 = Release|x64
		{E6B81C84-A05E-41B6-9BA9-6FF9A646BEAA}.Release|x86.ActiveCfg = Release|Win32
		{E6B81C84-A05E-41B6-9BA9-6FF9A646BEAA}.Release|x86.Build.0 = Release|Win32
		{587B234D-11C0-46FF-BB51-4BCBC2E32B3A}.Debug|x64.ActiveCfg = Debug|x64
		{587B234D-11C0-46FF-BB51-4BCBC2E32B3A}.Debug|x64.Build.0 = Debug|x64
		{587B234D-11C0-46FF-BB51-4BCBC2E32B3A}.Debug|x86.ActiveCfg = Debug|Win32
		{587B234D-11C0-46FF-BB51-4BCBC2E32B3A}.Debug|x86.Build.0 = Debug|Win32
		{587B234D-11C0-46FF-BB51-4BCBC2E32B3A}.Release|x64.ActiveCfg = Release|x64
		{587B234D-11C0-46FF-BB51-4BCBC2E32B3A}.Release|x64.Build.0 = Release|x64
		{587B234D-11C0-46FF-BB51-4BCBC2E32B3A}.Release|x86.ActiveCfg = Release|Win32
		{587B234D-11C0-46FF-BB51-4BCBC2E32B3A}.Release|x86.Build.0 = Release|Win32
		{75A6775A-1354-44DC-8C33-CD7167ECBB95}.Debug|x64.ActiveCfg = Debug|x64
		{75A6775A-1354-44DC-8C33-CD7167ECBB95}.Debug|x64.Build.0 = Debug|x64
		{75A6775A-1354-44DC-8C33-CD7167ECBB95}.Debug|x86.ActiveCfg = Debug|Win32
		{75A6775A-1354-44DC-8C33-CD7167ECBB95}.Debug|x86.Build.0 = Debug|Win32
		{75A6775A-1354-44DC-8C33-CD7167ECBB95}.Release|x64.ActiveCfg = Release|x64
		{75A6775A-1354-44DC-8C33-CD7167ECBB95}.Release|x64.Build.0 = Release|x64
		{75A6775A-1354-44DC-8C33-CD7167ECBB95}.Release|x86.ActiveCfg = Release|Win32
		{75A6775A-1354-44DC-8C33-CD7167ECBB95}.Release|x86.Build.0 = Release|Win32
		{10605BF0-7250-49EF-B841-A30FE35A6A13}.Debug|x64.ActiveCfg = Debug|x64
		{10605BF0-7250-49EF-B841-A30FE35A6A13}.Debug|x64.Build.0 = Debug|x64
		{10605BF0-7250-49EF-B841-A30FE35A6A13}.Debug|x86.ActiveCfg = Debug|Win32
		{10605BF0-7250-49EF-B841-A30FE35A6A13}.Debug|x86.Build.0 = Debug|Win32
		{10605BF0-7250-49EF-B841-A30FE35A6A13}.Release|x64.ActiveCfg = Release|x64
		{10605BF0-7250-49EF-B841-A30FE35A6A13}.Release|x64.Build.0 = Release|x64
		{10605BF0-7250-49EF-B841-A30FE35A6A13}.Release|x86.ActiveCfg = Release|Win32
		{10605BF0-7250-49EF-B841-A30FE35A6A13}.Release|x86.Build.0 = Release|Win32
		{D3CF6F6F-33D6-4C13-BFFD-C70275E717B9}.Debug|x64.ActiveCfg = Debug|x64
		{D3CF6F6F-33D6-4C13-BFFD-C70275E717B9}.Debug|x64.Build.0 = Debug|x64
		{D3CF6F6F-33D6-4C13-BFFD-C70275E717B9}.Debug|x86.ActiveCfg = Debug|Win32
		{D3CF6F6F-33D6-4C13-BFFD-C70275E717B9}.Debug|x86.Build.0 = Debug|Win32
		{D3CF6F6F-33D6-4C13-BFFD-C70275E717B9}.Release|x64.ActiveCfg = Release|x64
		{D3CF6F6F-33D6-4C13-BFFD-C70275E717B9}.Release|x64.Build.0 = Release|x64
		{D3CF6F6F-33D6-4C13-BFFD-C70275E717B9}.Release|x86.ActiveCfg = Release|Win32
		{D3CF6F6F-33D6-4C13-BFFD-C70275E717B9}.Release|x86.Build.0 = Release|Win32
		{D53C1084-2C4D-4039-B814-A1AD3FA0B619}.Debug|x64.ActiveCfg = Debug|x64
		{D53C1084-2C4D-4039-B814-A1AD3FA0B619}.Debug|x64.Build.0 = Debug|x64
		{D53C1084-2C4D-4039-B814-A1AD3FA0B619}.Debug|x86.ActiveCfg = Debug|Win32
		{D53C1084-2C4D-4039-B814-A1AD3FA0B619}.Debug|x86.Build.0 = Debug|Win32
		{D53C1084-2C4D-4039-B814-A1AD3FA0B619}.Release|x64.ActiveCfg = Release|x64
		{D53C1084-2C4D-4039-B814-A1AD3FA0B619}.Release|x64.Build.0 = Release|x64
		{D53C1084-2C4D-4039-B814-A1AD3FA0B619}.Release|x86.ActiveCfg = Release|Win32
		{D53C1084-2C4D-4039-B814-A1AD3FA0B619}.Release|x86.Build.0 = Release|Win32
		{2429FB73-E3BF-4699-9A1C-F04A6FEA32C2}.Debug|x64.ActiveCfg = Debug|x64
		{2429FB73-E3BF-4699-9A1C-F04A6FEA32C2}.Debug|x64.Build.0 = Debug|x64
		{2429FB73-E3BF-4699-9A1C-F04A6FEA32C2}.Debug|x86.ActiveCfg = Debug|Win32
		{2429FB73-E3BF-4699-9A1C-F04A6FEA32C2}.Debug|x86.Build.0 = Debug|Win32
		{2429FB73-E3BF-4699-9A1C-F04A6FEA32C2}.Release|x64.ActiveCfg = Release|x64
		{2429FB73-E3BF-4699-9A1C-F04A6FEA32C2}.Release|x64.Build.0 = Release|x64
		{2429FB73-E3BF-4699-9A1C-F04A6FEA32C2}.Release|x86.ActiveCfg = Release|Win32
		{2429FB73-E3BF-4699-9A1C-F04A6FEA32C2}.Release|x86.Build.0 = Release|Win32
		{0C1A8EA7-4294-4CB2-A8DA-80A638114065}.Debug|x64.ActiveCfg = Debug|x64
		{0C1A8EA7-4294-4CB2-A8DA-80A638114065}.Debug|x64.Build.0 = Debug|x64
		{0C1A8EA7-4294-4CB2-A8DA-80A638114065}.Debug|x86.ActiveCfg = Debug|Win32
		{0C1A8EA7-4294-4CB2-A8DA-80A638114065}.Debug|x86.Build.0 = Debug|Win32
		{0C1A8EA7-4294-4CB2-A8DA-80A638114065}.Release|x64.ActiveCfg = Release|x64
		{0C1A8EA7-4294-4CB2-A8DA-80A638114065}.Release|x64.Build.0 = Release|x64
		{0C1A8EA7-4294-4CB2-A8DA-80A638114065}.Release|x86.ActiveCfg = Release|Win32
		{0C1A8EA7-4294-4CB2-A8DA-80A638114065}.Release|x86.Build.0 = Release|Win32
		{87455E9B-360E-4910-93C4-223D5D324466}.Debug|x64.ActiveCfg = Debug|x64
		{87455E9B-360E-4910-93C4-223D5D324466}.Debug|x64.Build.0 = Debug|x64
		{87455E9B-360E-4910-93C4-223D5D324466}.Debug|x86.ActiveCfg = Debug|Win32
		{87455E9B-360E-4910-93C4-223D5D324466}.Debug|x86.Build.0 = Debug|Win32
		{87455E9B-360E-4910-93C4-223D5D324466}.Release|x64.ActiveCfg = Release|x64
		{87455E9B-360E-4910-93C4-223D5D324466}.Release|x64.Build.0 = Release|x64
		{87455E9B-360E-4910-93C4-223D5D324466}.Release|x86.ActiveCfg = Release|Win32
		{87455E9B-360E-4910-93C4-223D5D324466}.Release|x86.Build.0 = Release|Win32
		{61F84A93-514F-4268-923D-6E5AF19681F9}.Debug|x64.ActiveCfg = Debug|x64
		{61F84A93-514F-4268-923D-6E5AF19681F9}.Debug|x64.Build.0 = Debug|x64
		{61F84A93-514F-4268-923D-6E5AF19681F9}.Debug|x86.ActiveCfg = Debug|Win32
		{61F84A93-514F-4268-923D-6E5AF19681F9}.Debug|x86.Build.0 = Debug|Win32
		{61F84A93-514F-4268-923D-6E5AF19681F9}.Release|x64.ActiveCfg = Release|x64
		{61F84A93-514F-4268-923D-6E5AF19681F9}.Release|x64.Build.0 = Release|x64
		{61F84A93-514F-4268-923D-6E5AF19681F9}.Release|x86.ActiveCfg = Release|Win32
		{61F84A93-514F-4268-923D-6E5AF19681F9}.Release|x86.Build.0 = Release|Win32
		{E3D38F2D-8D32-4412-8D3A-53DA91A69734}.Debug|x64.ActiveCfg = Debug|x64
		{E3D38F2D-8D32-4412-8D3A-53DA91A69734}.Debug|x64.Build.0 = Debug|x64
		{E3D38F2D-8D32-4412-8D3A-53DA91A69734}.Debug|x86.ActiveCfg = Debug|Win32
		{E3D38F2D-8D32-4412-8D3A-53DA91A69734}.Debug|x86.Build.0 = Debug|Win32
		{E3D38F2D-8D32-4412-8D3A-53DA91A69734}.Release|x64.ActiveCfg = Release|x64
		{E3D38F2D-8D32-4412-8D3A-53DA91A69734}.Release|x64.Build.0 = Release|x64
		{E3D38F2D-8D32-4412-8D3A-53DA91A69734}.Release|x86.ActiveCfg = Release|Win32
		{E3D38F2D-8D32-4412-8D3A-53DA91A69734}.Release|x86.Build.0 = Release|Win32
		{6AFFED28-B185-4560-960A-D202E272C5BA}.Debug|x64.ActiveCfg = Debug|x64
		{6AFFED28-B185-4560-960A-D202E272C5BA}.Debug|x64.Build.0 = Debug|x64
		{6AFFED28-B185-4560-960A-D202E272C5BA}.Debug|x86.ActiveCfg = Debug|Win32
		{6AFFED28-B185-4560-960A-D202E272C5BA}.Debug|x86.Build.0 = Debug|Win32
		{6AFFED28-B185-4560-960A-D202E272C5BA}.Release|x64.ActiveCfg = Release|x64
		{6AFFED28-B185-4560-960A-D202E272C5BA}.Release|x64.Build.0 = Release|x64
		{6AFFED28-B185-4560-960A-D202E272C5BA}.Release|x86.ActiveCfg = Release|Win32
		{6AFFED28-B185-4560-960A-D202E272C5BA}.Release|x86.Build.0 = Release|Win32
		{BD19816C-B036-4233-9D88-42DA904871F4}.Debug|x64.ActiveCfg = Debug|x64
		{BD19816C-B036-4233-9D88-42DA904871F4}.Debug|x64.Build.0 = Debug|x64
		{BD19816C-B036-4233-9D88-42DA904871F4}.Debug|x86.ActiveCfg = Debug|Win32
		{BD19816C-B036-4233-9D88-42DA904871F4}.Debug|x86.Build.0 = Debug|Win32
		{BD19816C-B036-4233-9D88-42DA904871F4}.Release|x64.ActiveCfg = Release|x64
		{BD19816C-B036-4233-9D88-42DA904871F4}.Release|x64.Build.0 = Release|x64
		{BD19816C-B036-4233-9D88-42DA904871F4}.Release|x86.ActiveCfg = Release|Win32
		{BD19816C-B036-4233-9D88-42DA904871F4}.Release|x86.Build.0 = Release|Win32
		{E50026D3-3AE4-4304-9C96-2AF7928A0180}.Debug|x64.ActiveCfg = Debug|x64
		{E50026D3-3AE4-4304-9C96-2AF7928A0180}.Debug|x64.Build.0 = Debug|x64
		{E50026D3-3AE4-4304-9C96-2AF7928A0180}.Debug|x86.ActiveCfg = Debug|Win32
		{E50026D3-3AE4-4304-9C96-2AF7928A0180}.Debug|x86.Build.0 = Debug|Win32
		{E50026D3-3AE4-4304-9C96-2AF7928A0180}.Release|x64.ActiveCfg = Release|x64
		{E50026D3-3AE4-4304-9C96-2AF7928A0180}.Release|x64.Build.0 = Release|x64
		{E50026D3-3AE4-4304-9C96-2AF7928A0180}.Release|x86.ActiveCfg = Release|Win32
		{E50026D3-3AE4-4304-9C96-2AF7928A0180}.Release|x86.Build.0 = Release|Win32
		{974A5D0A-4644-4A9F-829C-502153060132}.Debug|x64.ActiveCfg = Debug|x64
		{974A5D0A-4644-4A9F-829C-502153060132}.Debug|x64.Build.0 = Debug|x64
		{974A5D0A-4644-4A9F-829C-502153060132}.Debug|x86.ActiveCfg = Debug|Win32
		{974A5D0A-4644-4A9F-829C-502153060132}.Debug|x86.Build.0 = Debug|Win32
		{974A5D0A-4644-4A9F-829C-502153060132}.Release|x64.ActiveCfg = Release|x64
		{974A5D0A-4644-4A9F-829C-502153060132}.Release|x64.Build.0 = Release|x64
		{974A5D0A-4644-4A9F-829C-502153060132}.Release|x86.ActiveCfg = Release|Win32
		{974A5D0A-4644-4A9F-829C-502153060132}.Release|x86.Build.0 = Release|Win32
		{661C0C7F-1A1E-4C87-9530-F45ECDA9C8DD}.Debug|x64.ActiveCfg = Debug|x64
		{661C0C7F-1A1E-4C87-9530-F45ECDA9C8DD}.Debug|x64.Build.0 = Debug|x64
		{661C0C7F-1A1E-4C87-9530-F45ECDA9C8DD}.Debug|x86.ActiveCfg = Debug|Win32
		{661C0C7F-1A1E-4C87-9530-F45ECDA9C8DD}.Debug|x86.Build.0 = Debug|Win32
		{661C0C7F-1A1E-4C87-9530-F45ECDA9C8DD}.Release|x64.ActiveCfg = Release|x64
		{661C0C7F-1A1E-4C87-9530-F45ECDA9C8DD}.Release|x64.Build.0 = Release|x64
		{661C0C7F-1A1E-4C87-9530-F45ECDA9C8DD}.Release|x86.ActiveCfg = Release|Win32
		{661C0C7F-1A1E-4C87-9530-F45ECDA9C8DD}.Release|x86.Build.0 = Release|Win32
		{A755B395-D084-406D-B7A6-5BD72E7D8094}.Debug|x64.ActiveCfg = Debug|x64
		{A755B395-D084-406D-B7A6-5BD72E7D8094}.Debug|x64.Build.0 = Debug|x64
		{A755B395-D084-406D-B7A6-5BD72E7D8094}.Debug|x86.ActiveCfg = Debug|Win32
		{A755B395-D084-406D-B7A6-5BD72E7D8094}.Debug|x86.Build.0 = Debug|Win32
		{A755B395-D084-406D-B7A6-5BD72E7D8094}.Release|x64.ActiveCfg = Release|x64
		{A755B395-D084-406D-B7A6-5BD72E7D8094}.Release|x64.Build.0 = Release|x64
		{A755B395-D084-406D-B7A6-5BD72E7D8094}.Release|x86.ActiveCfg = Release|Win32
		{A755B395-D084-406D-B7A6-5BD72E7D8094}.Release|x86.Build.0 = Release|Win32
		{C4E17F45-BFED-4881-81E0-35A3E8E60AD0}.Debug|x64.ActiveCfg = Debug|x64
		{C4E17F45-BFED-4881-81E0-35A3E8E60AD0}.Debug|x64.Build.0 = Debug|x64
		{C4E17F45-BFED-4881-81E0-35A3E8E60AD0}.Debug|x86.ActiveCfg = Debug|Win32
		{C4E17F45-BFED-4881-81E0-35A3E8E60AD0}.Debug|x86.Build.0 = Debug|Win32
		{C4E17F45-BFED-4881-81E0-35A3E8E60AD0}.Release|x64.ActiveCfg = Release|x64
		{C4E17F45-BFED-4881-81E0-35A3E8E60AD0}.Release|x64.Build.0 = Release|x64
		{C4E17F45-BFED-4881-81E0-35A3E8E60AD0}.Release|x86.ActiveCfg = Release|Win32
		{C4E17F45-BFED-4881-81E0-35A3E8E60AD0}.Release|x86.Build.0 = Release|Win32
		{7E1CC0A7-6303-406E-B6F8-9628DED02942}.Debug|x64.ActiveCfg = Debug|x64
		{7E1CC0A7-6303-406E-B6F8-9628DED02942}.Debug|x64.Build.0 = Debug|x64
		{7E1CC0A7-6303-406E-B6F8-9628DED02942}.Debug|x86.ActiveCfg = Debug|Win32
		{7E1CC0A7-6303-406E-B6F8-9628DED02942}.Debug|x86.Build.0 = Debug|Win32
		{7E1CC0A7-6303-406E-B6F8-9628DED02942}.Release|x64.ActiveCfg = Release|x64
		{7E1CC0A7-6303-406E-B6F8-9628DED02942}.Release|x64.Build.0 = Release|x64
		{7E1CC0A7-6303-406E-B6F8-9628DED02942}.Release|x86.ActiveCfg = Release|Win32
		{7E1CC0A7-6303-406E-B6F8-9628DED02942}.Release|x86.Build.0 = Release|Win32
		{C54B51FC-58D5-47A4-AF85-FFEE10AAB4F3}.Debug|x64.ActiveCfg = Debug|x64
		{C54B51FC-58D5-47A4-AF85-FFEE10AAB4F3}.Debug|x64.Build.0 = Debug|x64
		{C54B51FC-58D5-47A4-AF85-FFEE10AAB4F3}.Debug|x86.ActiveCfg = Debug|Win32
		{C54B51FC-58D5-47A4-AF85-FFEE10AAB4F3}.Debug|x86.Build.0 = Debug|Win32
		{C54B51FC-58D5-47A4-AF85-FFEE10AAB4F3}.Release|x64.ActiveCfg = Release|x64
		{C54B51FC-58D5-47A4-AF85-FFEE10AAB4F3}.Release|x64.Build.0 = Release|x64
		{C54B51FC-58D5-47A4-AF85-FFEE10AAB4F3}.Release|x86.ActiveCfg = Release|Win32
		{C54B51FC-58D5-47A4-AF85-FFEE10AAB4F3}.Release|x86.Build.0 = Release|Win32
		{3772656E-3B79-4A00-A10C-E8FEF7E03D60}.Debug|x64.ActiveCfg = Debug|x64
		{3772656E-3B79-4A00-A10C-E8FEF7E03D60}.Debug|x64.Build.0 = Debug|x64
		{3772656E-3B79-4A00-A10C-E8FEF7E03D60}.Debug|x86.ActiveCfg = Debug|Win32
		{3772656E-3B79-4A00-A10C-E8FEF7E03D60}.Debug|x86.Build.0 = Debug|Win32
		{3772656E-3B79-4A00-A10C-E8FEF7E03D60}.Release|x64.ActiveCfg = Release|x64
		{3772656E-3B79-4A00-A10C-E8FEF7E03D60}.Release|x64.Build.0 = Release|x64
		{3772656E-3B79-4A00-A10C-E8FEF7E03D60}.Release|x86.ActiveCfg = Release|Win32
		{3772656E-3B79-4A00-A10C-E8FEF7E03D60}.Release|x86.Build.0 = Release|Win32
		{14ECDF45-D924-43C4-AD5C-DC927811AC1A}.Debug|x64.ActiveCfg = Debug|x64
		{14ECDF45-D924-43C4-AD5C-DC927811AC1A}.Debug|x64.Build.0 = Debug|x64
		{14ECDF45-D924-43C4-AD5C-DC927811AC1A}.Debug|x86.ActiveCfg = Debug|Win32
		{14ECDF45-D924-43C4-AD5C-DC927811AC1A}.Debug|x86.Build.0 = Debug|Win32
		{14ECDF45-D924-43C4-AD5C-DC927811AC1A}.Release|x64.ActiveCfg = Release|x64
		{14ECDF45-D924-43C4-AD5C-DC927811AC1A}.Release|x64.Build.0 = Release|x64
		{14ECDF45-D924-43C4-AD5C-DC927811AC1A}.Release|x86.ActiveCfg = Release|Win32
		{14ECDF45-D924-43C4-AD5C-DC927811AC1A}.Release|x86.Build.0 = Release|Win32
		{6FD11F33-4FB9-41A4-ADFC-9611F34EABE9}.Debug|x64.ActiveCfg = Debug|x64
		{6FD11F33-4FB9-41A4-ADFC-9611F34EABE9}.Debug|x64.Build.0 = Debug|x64
		{6FD11F33-4FB9-41A4-ADFC-9611F34EABE9}.Debug|x86.ActiveCfg = Debug|Win32
		{6FD11F33-4FB9-41A4-ADFC-9611F34EABE9}.Debug|x86.Build.0 = Debug|Win32
		{6FD11F33-4FB9-41A4-ADFC-9611F34EABE9}.Release|x64.ActiveCfg = Release|x64
		{6FD11F33-4FB9-41A4-ADFC-9611F34EABE9}.Release|x64.Build.0 = Release|x64
		{6FD11F33-4FB9-41A4-ADFC-9611F34EABE9}.Release|x86.ActiveCfg = Release|Win32
		{6FD11F33-4FB9-41A4-ADFC-9611F34EABE9}.Release|x86.Build.0 = Release|Win32
		{F6D26761-BEFA-4584-8917-47B7322C8904}.Debug|x64.ActiveCfg = Debug|x64
		{F6D26761-BEFA-4584-8917-47B7322C8904}.Debug|x64.Build.0 = Debug|x64
		{F6D26761-BEFA-4584-8917-47B7322C8904}.Debug|x86.ActiveCfg = Debug|Win32
		{F6D26761-BEFA-4584-8917-47B7322C8904}.Debug|x86.Build.0 = Debug|Win32
		{F6D26761-BEFA-4584-8917-47B7322C8904}.Release|x64.ActiveCfg = Release|x64
		{F6D26761-BEFA-4584-8917-47B7322C8904}.Release|x64.Build.0 = Release|x64
		{F6D26761-BEFA-4584-8917-47B7322C8904}.Release|x86.ActiveCfg = Release|Win32
		{F6D26761-BEFA-4584-8917-47B7322C8904}.Release|x86.Build.0 = Release|Win32
		{89E04302-3348-4D3B-8CC3-20B20B384DAA}.Debug|x64.ActiveCfg = Debug|x64
		{89E04302-3348-4D3B-8CC3-20B20B384DAA}.Debug|x64.Build.0 = Debug|x64
		{89E04302-3348-4D3B-8CC3-20B20B384DAA}.Debug|x86.ActiveCfg = Debug|Win32
		{89E04302-3348-4D3B-8CC3-20B20B384DAA}.Debug|x86.Build.0 = Debug|Win32
		{89E04302-3348-4D3B-8CC3-20B20B384DAA}.Release|x64.ActiveCfg = Release|x64
		{89E04302-3348-4D3B-8CC3-20B20B384DAA}.Release|x64.Build.0 = Release|x64
		{89E04302-3348-4D3B-8CC3-20B20B384DAA}.Release|x86.ActiveCfg = Release|Win32
		{89E04302-3348-4D3B-8CC3-20B20B384DAA}.Release|x86.Build.0 = Release|Win32
		{51883860-8413-407D-8C71-92573892B608}.Debug|x64.ActiveCfg = Debug|x64
		{51883860-8413-407D-8C71-92573892B608}.Debug|x64.Build.0 = Debug|x64
		{51883860-8413-407D-8C71-92573892B608}.Debug|x86.ActiveCfg = Debug|Win32
		{51883860-8413-407D-8C71-92573892B608}.Debug|x86.Build.0 = Debug|Win32
		{51883860-8413-407D-8C71-92573892B608}.Release|x64.ActiveCfg = Release|x64
		{51883860-8413-407D-8C71-92573892B608}.Release|x64.Build.0 = Release|x64
		{51883860-8413-407D-8C71-92573892B608}.Release|x86.ActiveCfg = Release|Win32
		{51883860-8413-407D-8C71-92573892B608}.Release|x86.Build.0 = Release|Win32
		{78D92664-396A-46EC-9B15-6A99779845CF}.Debug|x64.ActiveCfg = Debug|x64
		{78D92664-396A-46EC-9B15-6A99779845CF}.Debug|x64.Build.0 = Debug|x64
		{78D92664-396A-46EC-9B15-6A99779845CF}.Debug|x86.ActiveCfg = Debug|Win32
		{78D92664-396A-46EC-9B15-6A99779845CF}.Debug|x86.Build.0 = Debug|Win32
		{78D92664-396A-46EC-9B15-6A99779845CF}.Release|x64.ActiveCfg = Release|x64
		{78D92664-396A-46EC-9B15-6A99779845CF}.Release|x64.Build.0 = Release|x64
		{78D92664-396A-46EC-9B15-6A99779845CF}.Release|x86.ActiveCfg = Release|Win32
		{78D92664-396A-46EC-9B15-6A99779845CF}.Release|x86.Build.0 = Release|Win32
		{987BEE32-EE55-4ECE-BB7A-C432478FACF9}.Debug|x64.ActiveCfg = Debug|x64
		{987BEE32-EE55-4ECE-BB7A-C432478FACF9}.Debug|x64.Build.0 = Debug|x64
		{987BEE32-EE55-4ECE-BB7A-C432478FACF9}.Debug|x86.ActiveCfg = Debug|Win32
		{987BEE32-EE55-4ECE-BB7A-C432478FACF9}.Debug|x86.Build.0 = Debug|Win32
		{987BEE32-EE55-4ECE-BB7A-C432478FACF9}.Release|x64.ActiveCfg = Release|x64
		{987BEE32-EE55-4ECE-BB7A-C432478FACF9}.Release|x64.Build.0 = Release|x64
		{987BEE32-EE55-4ECE-BB7A-C432478FACF9}.Release|x86.ActiveCfg = Release|Win32
		{987BEE32-EE55-4ECE-BB7A-C432478FACF9}.Release|x86.Build.0 = Release|Win32
		{EE912B79-809B-48B1-9BDE-C165523009D7}.Debug|x64.ActiveCfg = Debug|x64
		{EE912B79-809B-48B1-9BDE-C165523009D7}.Debug|x64.Build.0 = Debug|x64
		{EE912B79-809B-48B1-9BDE-C165523009D7}.Debug|x86.ActiveCfg = Debug|Win32
		{EE912B79-809B-48B1-9BDE-C165523009D7}.Debug|x86.Build.0 = Debug|Win32
		{EE912B79-809B-48B1-9BDE-C165523009D7}.Release|x64.ActiveCfg = Release|x64
		{EE912B79-809B-48B1-9BDE-C165523009D7}.Release|x64.Build.0 = Release|x64
		{EE912B79-809B-48B1-9BDE-C165523009D7}.Release|x86.ActiveCfg = Release|Win32
		{EE912B79-809B-48B1-9BDE-C165523009D7}.Release|x86.Build.0 = Release|Win32
		{D9425628-F423-4983-94A9-752A056E2B0D}.Debug|x64.ActiveCfg = Debug|x64
		{D9425628-F423-4983-94A9-752A056E2B0D}.Debug|x64.Build.0 = Debug|x64
		{D9425628-F423-4983-94A9-752A056E2B0D}.Debug|x86.ActiveCfg = Debug|Win32
		{D9425628-F423-4983-94A9-752A056E2B0D}.Debug|x86.Build.0 = Debug|Win32
		{D9425628-F423-4983-94A9-752A056E2B0D}.Release|x64.ActiveCfg = Release|x64
		{D9425628-F423-4983-94A9-752A056E2B0D}.Release|x64.Build.0 = Release|x64
		{D9425628-F423-4983-94A9-752A056E2B0D}.Release|x86.ActiveCfg = Release|Win32
		{D9425628-F423-4983-94A9-752A056E2B0D}.Release|x86.Build.0 = Release|Win32
		{4455285A-167D-4D8E-9103-9EE77C419932}.Debug|x64.ActiveCfg = Debug|x64
		{4455285A-167D-4D8E-9103-9EE77C419932}.Debug|x64.Build.0 = Debug|x64
		{4455285A-167D-4D8E-9103-9EE77C419932}.Debug|x86.ActiveCfg = Debug|Win32
		{4455285A-167D-4D8E-9103-9EE77C419932}.Debug|x86.Build.0 = Debug|Win32
		{4455285A-167D-4D8E-9103-9EE77C419932}.Release|x64.ActiveCfg = Release|x64
		{4455285A-167D-4D8E-9103-9EE77C419932}.Release|x64.Build.0 = Release|x64
		{4455285A-167D-4D8E-9103-9EE77C419932}.Release|x86.ActiveCfg = Release|Win32
		{4455285A-167D-4D8E-9103-9EE77C419932}.Release|x86.Build.0 = Release|Win32
		{A24EEE58-069F-4B7A-9FED-3A0AC2EBA595}.Debug|x64.ActiveCfg = Debug|x64
		{A24EEE58-069F-4B7A-9FED-3A0AC2EBA595}.Debug|x64.Build.0 = Debug|x64
		{A24EEE58-069F-4B7A-9FED-3A0AC2EBA595}.Debug|x86.ActiveCfg = Debug|Win32
		{A24EEE58-069F-4B7A-9FED-3A0AC2EBA595}.Debug|x86.Build.0 = Debug|Win32
		{A24EEE58-069F-4B7A-9FED-3A0AC2EBA595}.Release|x64.ActiveCfg = Release|x64
		{A24EEE58-069F-4B7A-9FED-3A0AC2EBA595}.Release|x64.Build.0 = Release|x64
		{A24EEE58-069F-4B7A-9FED-3A0AC2EBA595}.Release|x86.ActiveCfg = Release|Win32
		{A24EEE58-069F-4B7A-9FED-3A0AC2EBA595}.Release|x86.Build.0 = Release|Win32
		{F84D3F5C-22A6-48ED-A32D-C673C9B82DA7}.Debug|x64.ActiveCfg = Debug|x64
		{F84D3F5C-22A6-48ED-A32D-C673C9B82DA7}.Debug|x64.Build.0 = Debug|x64
		{F84D3F5C-22A6-48ED-A32D-C673C9B82DA7}.Debug|x86.ActiveCfg = Debug|Win32
		{F84D3F5C-22A6-48ED-A32D-C673C9B82DA7}.Debug|x86.Build.0 = Debug|Win32
		{F84D3F5C-22A6-48ED-A32D-C673C9B82DA7}.Release|x64.ActiveCfg = Release|x64
		{F84D3F5C-22A6-48ED-A32D-C673C9B82DA7}.Release|x64.Build.0 = Release|x64
		{F84D3F5C-22A6-48ED-A32D-C673C9B82DA7}.Release|x86.ActiveCfg = Release|Win32
		{F84D3F5C-22A6-48ED-A32D-C673C9B82DA7}.Release|x86.Build.0 = Release|Win32
		{98EA107E-5614-4E75-AF8B-755F5ADE8AAB}.Debug|x64.ActiveCfg = Debug|x64
		{98EA107E-5614-4E75-AF8B-755F5ADE8AAB}.Debug|x64.Build.0 = Debug|x64
		{98EA107E-5614-4E75-AF8B-755F5ADE8AAB}.Debug|x86.ActiveCfg = Debug|Win32
		{98EA107E-5614-4E75-AF8B-755F5ADE8AAB}.Debug|x86.Build.0 = Debug|Win32
		{98EA107E-5614-4E75-AF8B-755F5ADE8AAB}.Release|x64.ActiveCfg = Release|x64
		{98EA107E-5614-4E75-AF8B-755F5ADE8AAB}.Release|x64.Build.0 = Release|x64
		{98EA107E-5614-4E75-AF8B-755F5ADE8AAB}.Release|x86.ActiveCfg = Release|Win32
		{98EA107E-5614-4E75-AF8B-755F5ADE8AAB}.Release|x86.Build.0 = Release|Win32
		{2367A770-58FC-4481-B821-4FAA1B32C3D5}.Debug|x64.ActiveCfg = Debug|x64
		{2367A770-58FC-4481-B821-4FAA1B32C3D5}.Debug|x64.Build.0 = Debug|x64
		{2367A770-58FC-4481-B821-4FAA1B32C3D5}.Debug|x86.ActiveCfg = Debug|Win32
		{2367A770-58FC-4481-B821-4FAA1B32C3D5}.Debug|x86.Build.0 = Debug|Win32
		{2367A770-58FC-4481-B821-4FAA1B32C3D5}.Release|x64.ActiveCfg = Release|x64
		{2367A770-58FC-4481-B821-4FAA1B32C3D5}.Release|x64.Build.0 = Release|x64
		{2367A770-58FC-4481-B821-4FAA1B32C3D5}.Release|x86.ActiveCfg = Release|Win32
		{2367A770-58FC-4481-B821-4FAA1B32C3D5}.Release|x86.Build.0 = Release|Win32
		{AD5BAA0F-EFC6-4570-9A2E-84D725FDFB9C}.Debug|x64.ActiveCfg = Debug|x64
		{AD5BAA0F-EFC6-4570-9A2E-84D725FDFB9C}.Debug|x64.Build.0 = Debug|x64
		{AD5BAA0F-EFC6-4570-9A2E-84D725FDFB9C}.Debug|x86.ActiveCfg = Debug|Win32
		{AD5BAA0F-EFC6-4570-9A2E-84D725FDFB9C}.Debug|x86.Build.0 = Debug|Win32
		{AD5BAA0F-EFC6-4570-9A2E-84D725FDFB9C}.Release|x64.ActiveCfg = Release|x64
		{AD5BAA0F-EFC6-4570-9A2E-84D725FDFB9C}.Release|x64.Build.0 = Release|x64
		{AD5BAA0F-EFC6-4570-9A2E-84D725FDFB9C}.Release|x86.ActiveCfg = Release|Win32
		{AD5BAA0F-EFC6-4570-9A2E-84D725FDFB9C}.Release|x86.Build.0 = Release|Win32
		{3A7C2680-95A0-48F4-855B-0DA4F237EA5F}.Debug|x64.ActiveCfg = Debug|x64
		{3A7C2680-95A0-48F4-855B-0DA4F237EA5F}.Debug|x64.Build.0 = Debug|x64
		{3A7C2680-95A0-48F4-855B-0DA4F237EA5F}.Debug|x86.ActiveCfg = Debug|Win32
		{3A7C2680-95A0-48F4-855B-0DA4F237EA5F}.Debug|x86.Build.0 = Debug|Win32
		{3A7C2680-95A0-48F4-855B-0DA4F237EA5F}.Release|x64.ActiveCfg = Release|x64
		{3A7C2680-95A0-48F4-855B-0DA4F237EA5F}.Release|x64.Build.0 = Release|x64
		{3A7C2680-95A0-48F4-855B-0DA4F237EA5F}.Release|x86.ActiveCfg = Release|Win32
		{3A7C2680-95A0-48F4-855B-0DA4F237EA5F}.Release|x86.Build.0 = Release|Win32
		{FEE3C205-67F8-4A4E-A2D1-89E0F5000E56}.Debug|x64.ActiveCfg = Debug|x64
		{FEE3C205-67F8-4A4E-A2D1-89E0F5000E56}.Debug|x64.Build.0 = Debug|x64
		{FEE3C205-67F8-4A4E-A2D1-89E0F5000E56}.Debug|x86.ActiveCfg = Debug|Win32
		{FEE3C205-67F8-4A4E-A2D1-89E0F5000E56}.Debug|x86.Build.0 = Debug|Win32
		{FEE3C205-67F8-4A4E-A2D1-89E0F5000E56}.Release|x64.ActiveCfg = Release|x64
		{FEE3C205-67F8-4A4E-A2D1-89E0F5000E56}.Release|x64.Build.0 = Release|x64
		{FEE3C205-67F8-4A4E-A2D1-89E0F5000E56}.Release|x86.ActiveCfg = Release|Win32
		{FEE3C205-67F8-4A4E-A2D1-89E0F5000E56}.Release|x86.Build.0 = Release|Win32
		{97670543-4E88-40D9-B1B4-6111617BE042}.Debug|x64.ActiveCfg = Debug|x64
		{97670543-4E88-40D9-B1B4-6111617BE042}.Debug|x64.Build.0 = Debug|x64
		{97670543-4E88-40D9-B1B4-6111617BE042}.Debug|x86.ActiveCfg = Debug|Win32
		{97670543-4E88-40D9-B1B4-6111617BE042}.Debug|x86.Build.0 = Debug|Win32
		{97670543-4E88-40D9-B1B4-6111617BE042}.Release|x64.ActiveCfg = Release|x64
		{97670543-4E88-40D9-B1B4-6111617BE042}.Release|x64.Build.0 = Release|x64
		{97670543-4E88-40D9-B1B4-6111617BE042}.Release|x86.ActiveCfg = Release|Win32
		{97670543-4E88-40D9-B1B4-6111617BE042}.Release|x86.Build.0 = Release|Win32
		{AFF40CF9-11D9-4301-B60E-8F57EF0540E7}.Debug|x64.ActiveCfg = Debug|x64
		{AFF40CF9-11D9-4301-B60E-8F57EF0540E7}.Debug|x64.Build.0 = Debug|x64
		{AFF40CF9-11D9-4301-B60E-8F57EF0540E7}.Debug|x86.ActiveCfg = Debug|Win32
		{AFF40CF9-11D9-4301-B60E-8F57EF0540E7}.Debug|x86.Build.0 = Debug|Win32
		{AFF40CF9-11D9-4301-B60E-8F57EF0540E7}.Release|x64.ActiveCfg = Release|x64
		{AFF40CF9-11D9-4301-B60E-8F57EF0540E7}.Release|x64.Build.0 = Release|x64
		{AFF40CF9-11D9-4301-B60E-8F57EF0540E7}.Release|x86.ActiveCfg = Release|Win32
		{AFF40CF9-11D9-4301-B60E-8F57EF0540E7}.Release|x86.Build.0 = Release|Win32
		{ADECDF6E-34EE-4ECD-88E1-B145C51BB34D}.Debug|x64.ActiveCfg = Debug|x64
		{ADECDF6E-34EE-4ECD-88E1-B145C51BB34D}.Debug|x64.Build.0 = Debug|x64
		{ADECDF6E-34EE-4ECD-88E1-B145C51BB34D}.Debug|x86.ActiveCfg = Debug|Win32
		{ADECDF6E-34EE-4ECD-88E1-B145C51BB34D}.Debug|x86.Build.0 = Debug|Win32
		{ADECDF6E-34EE-4ECD-88E1-B145C51BB34D}.Release|x64.ActiveCfg = Release|x64
		{ADECDF6E-34EE-4ECD-88E1-B145C51BB34D}.Release|x64.Build.0 = Release|x64
		{ADECDF6E-34EE-4ECD-88E1-B145C51BB34D}.Release|x86.ActiveCfg = Release|Win32
		{ADECDF6E-34EE-4ECD-88E1-B145C51BB34D}.Release|x86.Build.0 = Release|Win32
		{C5D1A20F-7382-49DB-BF2C-CE9136FFBEDF}.Debug|x64.ActiveCfg = Debug|x64
		{C5D1A20F-7382-49DB-BF2C-CE9136FFBEDF}.Debug|x64.Build.0 = Debug|x64
		{C5D1A20F-7382-49DB-BF2C-CE9136FFBEDF}.Debug|x86.ActiveCfg = Debug|Win32
		{C5D1A20F-7382-49DB-BF2C-CE9136FFBEDF}.Debug|x86.Build.0 = Debug|Win32
		{C5D1A20F-7382-49DB-BF2C-CE9136FFBEDF}.Release|x64.ActiveCfg = Release|x64
		{C5D1A20F-7382-49DB-BF2C-CE9136FFBEDF}.Release|x64.Build.0 = Release|x64
		{C5D1A20F-7382-49DB-BF2C-CE9136FFBEDF}.Release|x86.ActiveCfg = Release|Win32
		{C5D1A20F-7382-49DB-BF2C-CE9136FFBEDF}.Release|x86.Build.0 = Release|Win32
		{05E081AD-C8F2-4002-AED6-3FAEB1F508FC}.Debug|x64.ActiveCfg = Debug|x64
		{05E081AD-C8F2-4002-AED6-3FAEB1F508FC}.Debug|x64.Build.0 = Debug|x64
		{05E081AD-C8F2-4002-AED6-3FAEB1F508FC}.Debug|x86.ActiveCfg = Debug|Win32
		{05E081AD-C8F2-4002-AED6-3FAEB1F508FC}.Debug|x86.Build.0 = Debug|Win32
		{05E081AD-C8F2-4002-AED6-3FAEB1F508FC}.Release|x64.ActiveCfg = Release|x64
		{05E081AD-C8F2-4002-AED6-3FAEB1F508FC}.Release|x64.Build.0 = Release|x64
		{05E081AD-C8F2-4002-AED6-3FAEB1F508FC}.Release|x86.ActiveCfg = Release|Win32
		{05E081AD-C8F2-4002-AED6-3FAEB1F508FC}.Release|x86.Build.0 = Release|Win32
		{B9247034-C5DC-4AC9-8751-991BC3741018}.Debug|x64.ActiveCfg = Debug|x64
		{B9247034-C5DC-4AC9-8751-991BC3741018}.Debug|x64.Build.0 = Debug|x64
		{B9247034-C5DC-4AC9-8751-991BC3741018}.Debug|x86.ActiveCfg = Debug|Win32
		{B9247034-C5DC-4AC9-8751-991BC3741018}.Debug|x86.Build.0 = Debug|Win32
		{B9247034-C5DC-4AC9-8751-991BC3741018}.Release|x64.ActiveCfg = Release|x64
		{B9247034-C5DC-4AC9-8751-991BC3741018}.Release|x64.Build.0 = Release|x64
		{B9247034-C5DC-4AC9-8751-991BC3741018}.Release|x86.ActiveCfg = Release|Win32
		{B9247034-C5DC-4AC9-8751-991BC3741018}.Release|x86.Build.0 = Release|Win32
		{696F767F-6DFC-45B3-B20E-AAF6E4907EB1}.Debug|x64.ActiveCfg = Debug|x64
		{696F767F-6DFC-45B3-B20E-AAF6E4907EB1}.Debug|x64.Build.0 = Debug|x64
		{696F767F-6DFC-45B3-B20E-AAF6E4907EB1}.Debug|x86.ActiveCfg = Debug|Win32
		{696F767F-6DFC-45B3-B20E-AAF6E4907EB1}.Debug|x86.Build.0 = Debug|Win32
		{696F767F-6DFC-45B3-B20E-AAF6E4907EB1}.Release|x64.ActiveCfg = Release|x64
		{696F767F-6DFC-45B3-B20E-AAF6E4907EB1}.Release|x64.Build.0 = Release|x64
		{696F767F-6DFC-45B3-B20E-AAF6E4907EB1}.Release|x86.ActiveCfg = Release|Win32
		{696F767F-6DFC-45B3-B20E-AAF6E4907EB1}.Release|x86.Build.0 = Release|Win32
	EndGlobalSection
	GlobalSection(SolutionProperties) = preSolution
		HideSolutionNode = FALSE
	EndGlobalSection
	GlobalSection(ExtensibilityGlobals) = postSolution
		SolutionGuid = {B3F0169D-3913-47B6-8B32-9DBDB6EEEFB2}
	EndGlobalSection
EndGlobal
