
Microsoft Visual Studio Solution File, Format Version 12.00
# Visual Studio Version 16
VisualStudioVersion = 16.0.31727.386
MinimumVisualStudioVersion = 10.0.40219.1
Project("{8BC9CEB8-8B4A-11D0-8D11-00A0C91BC942}") = "_GameFramework", "_GameFramework\_GameFramework.vcxproj", "{9D43FFBF-FD65-4AB9-B2C2-CB1C82B13179}"
EndProject
Project("{8BC9CEB8-8B4A-11D0-8D11-00A0C91BC942}") = "_QuestFramework", "_QuestFramework\_QuestFramework.vcxproj", "{B7E6565E-6919-4241-8B28-5679EFE3D4EF}"
EndProject
Project("{8BC9CEB8-8B4A-11D0-8D11-00A0C91BC942}") = "profrog", "profrog\profrog.vcxproj", "{3A2420CE-E923-46E3-BDEF-AF07391A209D}"
EndProject
Project("{8BC9CEB8-8B4A-11D0-8D11-00A0C91BC942}") = "SHACKK", "SHACKK\SHACKK.vcxproj", "{4CC672BB-E0EA-4B49-A3F4-BB6A88923AB2}"
EndProject
Project("{8BC9CEB8-8B4A-11D0-8D11-00A0C91BC942}") = "3omh4", "3omh4\3omh4.vcxproj", "{E6B81C84-A05E-41B6-9BA9-6FF9A646BEAA}"
EndProject
Project("{8BC9CEB8-8B4A-11D0-8D11-00A0C91BC942}") = "5un9hun", "5un9hun\5un9hun.vcxproj", "{587B234D-11C0-46FF-BB51-4BCBC2E32B3A}"
EndProject
Project("{8BC9CEB8-8B4A-11D0-8D11-00A0C91BC942}") = "B3LL", "B3LL\B3LL.vcxproj", "{75A6775A-1354-44DC-8C33-CD7167ECBB95}"
EndProject
Project("{8BC9CEB8-8B4A-11D0-8D11-00A0C91BC942}") = "bean5oup", "bean5oup\bean5oup.vcxproj", "{10605BF0-7250-49EF-B841-A30FE35A6A13}"
EndProject
Project("{8BC9CEB8-8B4A-11D0-8D11-00A0C91BC942}") = "cWrong", "cWrong\cWrong.vcxproj", "{D3CF6F6F-33D6-4C13-BFFD-C70275E717B9}"
EndProject
Project("{8BC9CEB8-8B4A-11D0-8D11-00A0C91BC942}") = "D0b6y", "D0b6y\D0b6y.vcxproj", "{D53C1084-2C4D-4039-B814-A1AD3FA0B619}"
EndProject
Project("{8BC9CEB8-8B4A-11D0-8D11-00A0C91BC942}") = "donghyeon", "donghyeon\donghyeon.vcxproj", "{2429FB73-E3BF-4699-9A1C-F04A6FEA32C2}"
EndProject
Project("{8BC9CEB8-8B4A-11D0-8D11-00A0C91BC942}") = "frogjun", "frogjun\frogjun.vcxproj", "{0C1A8EA7-4294-4CB2-A8DA-80A638114065}"
EndProject
Project("{8BC9CEB8-8B4A-11D0-8D11-00A0C91BC942}") = "gdjung", "gdjung\gdjung.vcxproj", "{87455E9B-360E-4910-93C4-223D5D324466}"
EndProject
Project("{8BC9CEB8-8B4A-11D0-8D11-00A0C91BC942}") = "h4n9u1", "h4n9u1\h4n9u1.vcxproj", "{61F84A93-514F-4268-923D-6E5AF19681F9}"
EndProject
Global
	GlobalSection(SolutionConfigurationPlatforms) = preSolution
		Debug|x64 = Debug|x64
		Debug|x86 = Debug|x86
		Release|x64 = Release|x64
		Release|x86 = Release|x86
	EndGlobalSection
	GlobalSection(ProjectConfigurationPlatforms) = postSolution
		{9D43FFBF-FD65-4AB9-B2C2-CB1C82B13179}.Debug|x64.ActiveCfg = Debug|x64
		{9D43FFBF-FD65-4AB9-B2C2-CB1C82B13179}.Debug|x64.Build.0 = Debug|x64
		{9D43FFBF-FD65-4AB9-B2C2-CB1C82B13179}.Debug|x86.ActiveCfg = Debug|Win32
		{9D43FFBF-FD65-4AB9-B2C2-CB1C82B13179}.Debug|x86.Build.0 = Debug|Win32
		{9D43FFBF-FD65-4AB9-B2C2-CB1C82B13179}.Release|x64.ActiveCfg = Release|x64
		{9D43FFBF-FD65-4AB9-B2C2-CB1C82B13179}.Release|x64.Build.0 = Release|x64
		{9D43FFBF-FD65-4AB9-B2C2-CB1C82B13179}.Release|x86.ActiveCfg = Release|Win32
		{9D43FFBF-FD65-4AB9-B2C2-CB1C82B13179}.Release|x86.Build.0 = Release|Win32
		{B7E6565E-6919-4241-8B28-5679EFE3D4EF}.Debug|x64.ActiveCfg = Debug|x64
		{B7E6565E-6919-4241-8B28-5679EFE3D4EF}.Debug|x64.Build.0 = Debug|x64
		{B7E6565E-6919-4241-8B28-5679EFE3D4EF}.Debug|x86.ActiveCfg = Debug|Win32
		{B7E6565E-6919-4241-8B28-5679EFE3D4EF}.Debug|x86.Build.0 = Debug|Win32
		{B7E6565E-6919-4241-8B28-5679EFE3D4EF}.Release|x64.ActiveCfg = Release|x64
		{B7E6565E-6919-4241-8B28-5679EFE3D4EF}.Release|x64.Build.0 = Release|x64
		{B7E6565E-6919-4241-8B28-5679EFE3D4EF}.Release|x86.ActiveCfg = Release|Win32
		{B7E6565E-6919-4241-8B28-5679EFE3D4EF}.Release|x86.Build.0 = Release|Win32
		{3A2420CE-E923-46E3-BDEF-AF07391A209D}.Debug|x64.ActiveCfg = Debug|x64
		{3A2420CE-E923-46E3-BDEF-AF07391A209D}.Debug|x64.Build.0 = Debug|x64
		{3A2420CE-E923-46E3-BDEF-AF07391A209D}.Debug|x86.ActiveCfg = Debug|Win32
		{3A2420CE-E923-46E3-BDEF-AF07391A209D}.Debug|x86.Build.0 = Debug|Win32
		{3A2420CE-E923-46E3-BDEF-AF07391A209D}.Release|x64.ActiveCfg = Release|x64
		{3A2420CE-E923-46E3-BDEF-AF07391A209D}.Release|x64.Build.0 = Release|x64
		{3A2420CE-E923-46E3-BDEF-AF07391A209D}.Release|x86.ActiveCfg = Release|Win32
		{3A2420CE-E923-46E3-BDEF-AF07391A209D}.Release|x86.Build.0 = Release|Win32
		{4CC672BB-E0EA-4B49-A3F4-BB6A88923AB2}.Debug|x64.ActiveCfg = Debug|x64
		{4CC672BB-E0EA-4B49-A3F4-BB6A88923AB2}.Debug|x64.Build.0 = Debug|x64
		{4CC672BB-E0EA-4B49-A3F4-BB6A88923AB2}.Debug|x86.ActiveCfg = Debug|Win32
		{4CC672BB-E0EA-4B49-A3F4-BB6A88923AB2}.Debug|x86.Build.0 = Debug|Win32
		{4CC672BB-E0EA-4B49-A3F4-BB6A88923AB2}.Release|x64.ActiveCfg = Release|x64
		{4CC672BB-E0EA-4B49-A3F4-BB6A88923AB2}.Release|x64.Build.0 = Release|x64
		{4CC672BB-E0EA-4B49-A3F4-BB6A88923AB2}.Release|x86.ActiveCfg = Release|Win32
		{4CC672BB-E0EA-4B49-A3F4-BB6A88923AB2}.Release|x86.Build.0 = Release|Win32
		{E6B81C84-A05E-41B6-9BA9-6FF9A646BEAA}.Debug|x64.ActiveCfg = Debug|x64
		{E6B81C84-A05E-41B6-9BA9-6FF9A646BEAA}.Debug|x64.Build.0 = Debug|x64
		{E6B81C84-A05E-41B6-9BA9-6FF9A646BEAA}.Debug|x86.ActiveCfg = Debug|Win32
		{E6B81C84-A05E-41B6-9BA9-6FF9A646BEAA}.Debug|x86.Build.0 = Debug|Win32
		{E6B81C84-A05E-41B6-9BA9-6FF9A646BEAA}.Release|x64.ActiveCfg = Release|x64
		{E6B81C84-A05E-41B6-9BA9-6FF9A646BEAA}.Release|x64.Build.0 = Release|x64
		{E6B81C84-A05E-41B6-9BA9-6FF9A646BEAA}.Release|x86.ActiveCfg = Release|Win32
		{E6B81C84-A05E-41B6-9BA9-6FF9A646BEAA}.Release|x86.Build.0 = Release|Win32
		{587B234D-11C0-46FF-BB51-4BCBC2E32B3A}.Debug|x64.ActiveCfg = Debug|x64
		{587B234D-11C0-46FF-BB51-4BCBC2E32B3A}.Debug|x64.Build.0 = Debug|x64
		{587B234D-11C0-46FF-BB51-4BCBC2E32B3A}.Debug|x86.ActiveCfg = Debug|Win32
		{587B234D-11C0-46FF-BB51-4BCBC2E32B3A}.Debug|x86.Build.0 = Debug|Win32
		{587B234D-11C0-46FF-BB51-4BCBC2E32B3A}.Release|x64.ActiveCfg = Release|x64
		{587B234D-11C0-46FF-BB51-4BCBC2E32B3A}.Release|x64.Build.0 = Release|x64
		{587B234D-11C0-46FF-BB51-4BCBC2E32B3A}.Release|x86.ActiveCfg = Release|Win32
		{587B234D-11C0-46FF-BB51-4BCBC2E32B3A}.Release|x86.Build.0 = Release|Win32
		{75A6775A-1354-44DC-8C33-CD7167ECBB95}.Debug|x64.ActiveCfg = Debug|x64
		{75A6775A-1354-44DC-8C33-CD7167ECBB95}.Debug|x64.Build.0 = Debug|x64
		{75A6775A-1354-44DC-8C33-CD7167ECBB95}.Debug|x86.ActiveCfg = Debug|Win32
		{75A6775A-1354-44DC-8C33-CD7167ECBB95}.Debug|x86.Build.0 = Debug|Win32
		{75A6775A-1354-44DC-8C33-CD7167ECBB95}.Release|x64.ActiveCfg = Release|x64
		{75A6775A-1354-44DC-8C33-CD7167ECBB95}.Release|x64.Build.0 = Release|x64
		{75A6775A-1354-44DC-8C33-CD7167ECBB95}.Release|x86.ActiveCfg = Release|Win32
		{75A6775A-1354-44DC-8C33-CD7167ECBB95}.Release|x86.Build.0 = Release|Win32
		{10605BF0-7250-49EF-B841-A30FE35A6A13}.Debug|x64.ActiveCfg = Debug|x64
		{10605BF0-7250-49EF-B841-A30FE35A6A13}.Debug|x64.Build.0 = Debug|x64
		{10605BF0-7250-49EF-B841-A30FE35A6A13}.Debug|x86.ActiveCfg = Debug|Win32
		{10605BF0-7250-49EF-B841-A30FE35A6A13}.Debug|x86.Build.0 = Debug|Win32
		{10605BF0-7250-49EF-B841-A30FE35A6A13}.Release|x64.ActiveCfg = Release|x64
		{10605BF0-7250-49EF-B841-A30FE35A6A13}.Release|x64.Build.0 = Release|x64
		{10605BF0-7250-49EF-B841-A30FE35A6A13}.Release|x86.ActiveCfg = Release|Win32
		{10605BF0-7250-49EF-B841-A30FE35A6A13}.Release|x86.Build.0 = Release|Win32
		{D3CF6F6F-33D6-4C13-BFFD-C70275E717B9}.Debug|x64.ActiveCfg = Debug|x64
		{D3CF6F6F-33D6-4C13-BFFD-C70275E717B9}.Debug|x64.Build.0 = Debug|x64
		{D3CF6F6F-33D6-4C13-BFFD-C70275E717B9}.Debug|x86.ActiveCfg = Debug|Win32
		{D3CF6F6F-33D6-4C13-BFFD-C70275E717B9}.Debug|x86.Build.0 = Debug|Win32
		{D3CF6F6F-33D6-4C13-BFFD-C70275E717B9}.Release|x64.ActiveCfg = Release|x64
		{D3CF6F6F-33D6-4C13-BFFD-C70275E717B9}.Release|x64.Build.0 = Release|x64
		{D3CF6F6F-33D6-4C13-BFFD-C70275E717B9}.Release|x86.ActiveCfg = Release|Win32
		{D3CF6F6F-33D6-4C13-BFFD-C70275E717B9}.Release|x86.Build.0 = Release|Win32
		{D53C1084-2C4D-4039-B814-A1AD3FA0B619}.Debug|x64.ActiveCfg = Debug|x64
		{D53C1084-2C4D-4039-B814-A1AD3FA0B619}.Debug|x64.Build.0 = Debug|x64
		{D53C1084-2C4D-4039-B814-A1AD3FA0B619}.Debug|x86.ActiveCfg = Debug|Win32
		{D53C1084-2C4D-4039-B814-A1AD3FA0B619}.Debug|x86.Build.0 = Debug|Win32
		{D53C1084-2C4D-4039-B814-A1AD3FA0B619}.Release|x64.ActiveCfg = Release|x64
		{D53C1084-2C4D-4039-B814-A1AD3FA0B619}.Release|x64.Build.0 = Release|x64
		{D53C1084-2C4D-4039-B814-A1AD3FA0B619}.Release|x86.ActiveCfg = Release|Win32
		{D53C1084-2C4D-4039-B814-A1AD3FA0B619}.Release|x86.Build.0 = Release|Win32
		{2429FB73-E3BF-4699-9A1C-F04A6FEA32C2}.Debug|x64.ActiveCfg = Debug|x64
		{2429FB73-E3BF-4699-9A1C-F04A6FEA32C2}.Debug|x64.Build.0 = Debug|x64
		{2429FB73-E3BF-4699-9A1C-F04A6FEA32C2}.Debug|x86.ActiveCfg = Debug|Win32
		{2429FB73-E3BF-4699-9A1C-F04A6FEA32C2}.Debug|x86.Build.0 = Debug|Win32
		{2429FB73-E3BF-4699-9A1C-F04A6FEA32C2}.Release|x64.ActiveCfg = Release|x64
		{2429FB73-E3BF-4699-9A1C-F04A6FEA32C2}.Release|x64.Build.0 = Release|x64
		{2429FB73-E3BF-4699-9A1C-F04A6FEA32C2}.Release|x86.ActiveCfg = Release|Win32
		{2429FB73-E3BF-4699-9A1C-F04A6FEA32C2}.Release|x86.Build.0 = Release|Win32
		{0C1A8EA7-4294-4CB2-A8DA-80A638114065}.Debug|x64.ActiveCfg = Debug|x64
		{0C1A8EA7-4294-4CB2-A8DA-80A638114065}.Debug|x64.Build.0 = Debug|x64
		{0C1A8EA7-4294-4CB2-A8DA-80A638114065}.Debug|x86.ActiveCfg = Debug|Win32
		{0C1A8EA7-4294-4CB2-A8DA-80A638114065}.Debug|x86.Build.0 = Debug|Win32
		{0C1A8EA7-4294-4CB2-A8DA-80A638114065}.Release|x64.ActiveCfg = Release|x64
		{0C1A8EA7-4294-4CB2-A8DA-80A638114065}.Release|x64.Build.0 = Release|x64
		{0C1A8EA7-4294-4CB2-A8DA-80A638114065}.Release|x86.ActiveCfg = Release|Win32
		{0C1A8EA7-4294-4CB2-A8DA-80A638114065}.Release|x86.Build.0 = Release|Win32
		{87455E9B-360E-4910-93C4-223D5D324466}.Debug|x64.ActiveCfg = Debug|x64
		{87455E9B-360E-4910-93C4-223D5D324466}.Debug|x64.Build.0 = Debug|x64
		{87455E9B-360E-4910-93C4-223D5D324466}.Debug|x86.ActiveCfg = Debug|Win32
		{87455E9B-360E-4910-93C4-223D5D324466}.Debug|x86.Build.0 = Debug|Win32
		{87455E9B-360E-4910-93C4-223D5D324466}.Release|x64.ActiveCfg = Release|x64
		{87455E9B-360E-4910-93C4-223D5D324466}.Release|x64.Build.0 = Release|x64
		{87455E9B-360E-4910-93C4-223D5D324466}.Release|x86.ActiveCfg = Release|Win32
		{87455E9B-360E-4910-93C4-223D5D324466}.Release|x86.Build.0 = Release|Win32
		{61F84A93-514F-4268-923D-6E5AF19681F9}.Debug|x64.ActiveCfg = Debug|x64
		{61F84A93-514F-4268-923D-6E5AF19681F9}.Debug|x64.Build.0 = Debug|x64
		{61F84A93-514F-4268-923D-6E5AF19681F9}.Debug|x86.ActiveCfg = Debug|Win32
		{61F84A93-514F-4268-923D-6E5AF19681F9}.Debug|x86.Build.0 = Debug|Win32
		{61F84A93-514F-4268-923D-6E5AF19681F9}.Release|x64.ActiveCfg = Release|x64
		{61F84A93-514F-4268-923D-6E5AF19681F9}.Release|x64.Build.0 = Release|x64
		{61F84A93-514F-4268-923D-6E5AF19681F9}.Release|x86.ActiveCfg = Release|Win32
		{61F84A93-514F-4268-923D-6E5AF19681F9}.Release|x86.Build.0 = Release|Win32
	EndGlobalSection
	GlobalSection(SolutionProperties) = preSolution
		HideSolutionNode = FALSE
	EndGlobalSection
	GlobalSection(ExtensibilityGlobals) = postSolution
		SolutionGuid = {B3F0169D-3913-47B6-8B32-9DBDB6EEEFB2}
	EndGlobalSection
EndGlobal
